// !$*UTF8*$!
{
	archiveVersion = 1;
	classes = {
	};
	objectVersion = 46;
	objects = {

/* Begin PBXBuildFile section */
		5BD072481C74AEB40074B56D /* Main.storyboard in Resources */ = {isa = PBXBuildFile; fileRef = 5BD072471C74AEB40074B56D /* Main.storyboard */; };
		5BD285DD1B03CF29007A0472 /* AppDelegate.swift in Sources */ = {isa = PBXBuildFile; fileRef = 5BD285DC1B03CF29007A0472 /* AppDelegate.swift */; };
		5BD285E41B03CF29007A0472 /* Images.xcassets in Resources */ = {isa = PBXBuildFile; fileRef = 5BD285E31B03CF29007A0472 /* Images.xcassets */; };
		C00232A51FA37E760019D328 /* Course.swift in Sources */ = {isa = PBXBuildFile; fileRef = C00232A41FA37E760019D328 /* Course.swift */; };
		C00232A71FA37EFC0019D328 /* CourseSchedule.swift in Sources */ = {isa = PBXBuildFile; fileRef = C00232A61FA37EFC0019D328 /* CourseSchedule.swift */; };
		C006914F210EC55C0099CD57 /* SettingsController.swift in Sources */ = {isa = PBXBuildFile; fileRef = C006914E210EC55C0099CD57 /* SettingsController.swift */; };
		C01539BB2110EE890059C807 /* ShowAllergyStorage.swift in Sources */ = {isa = PBXBuildFile; fileRef = C01539BA2110EE890059C807 /* ShowAllergyStorage.swift */; };
		C01573BC20C462ED008CACA5 /* TodayManager.swift in Sources */ = {isa = PBXBuildFile; fileRef = C01573BB20C462ED008CACA5 /* TodayManager.swift */; };
		C019C1611F7D3CED00FC4EED /* Launch.storyboard in Resources */ = {isa = PBXBuildFile; fileRef = C019C1601F7D3CED00FC4EED /* Launch.storyboard */; };
		C01F2D0E21138EBE00E461FA /* NextSchooldayWebCall.swift in Sources */ = {isa = PBXBuildFile; fileRef = C01F2D0D21138EBE00E461FA /* NextSchooldayWebCall.swift */; };
		C02A2B0D1FAD47E400D3A9CD /* GetPatchWebCall.swift in Sources */ = {isa = PBXBuildFile; fileRef = C02A2B0C1FAD47E400D3A9CD /* GetPatchWebCall.swift */; };
		C02A2B141FAD527600D3A9CD /* Block.swift in Sources */ = {isa = PBXBuildFile; fileRef = C02A2B131FAD527600D3A9CD /* Block.swift */; };
		C02A2B171FAD539E00D3A9CD /* DaySchedule.swift in Sources */ = {isa = PBXBuildFile; fileRef = C02A2B161FAD539E00D3A9CD /* DaySchedule.swift */; };
		C02B91CB1FB6886E004E0D5D /* DayCourseList.swift in Sources */ = {isa = PBXBuildFile; fileRef = C02B91CA1FB6886E004E0D5D /* DayCourseList.swift */; };
		C036366B1FACF7EA008FC9A9 /* ScheduleManager.swift in Sources */ = {isa = PBXBuildFile; fileRef = C036366A1FACF7EA008FC9A9 /* ScheduleManager.swift */; };
		C036366D1FACF864008FC9A9 /* GetScheduleWebCall.swift in Sources */ = {isa = PBXBuildFile; fileRef = C036366C1FACF864008FC9A9 /* GetScheduleWebCall.swift */; };
		C04653C6210936AC004AD09C /* BlockCell.xib in Resources */ = {isa = PBXBuildFile; fileRef = C04653C5210936AC004AD09C /* BlockCell.xib */; };
		C04653C8210936B9004AD09C /* BlockCell.swift in Sources */ = {isa = PBXBuildFile; fileRef = C04653C7210936B9004AD09C /* BlockCell.swift */; };
		C04D1EC4210FD7B90001C99C /* LunchItemCell.swift in Sources */ = {isa = PBXBuildFile; fileRef = C04D1EC3210FD7B90001C99C /* LunchItemCell.swift */; };
		C04D1EC6210FD7C10001C99C /* LunchItemCell.xib in Resources */ = {isa = PBXBuildFile; fileRef = C04D1EC5210FD7C10001C99C /* LunchItemCell.xib */; };
		C04DE4651FAE6AF9000D4DA6 /* DailySportsList.swift in Sources */ = {isa = PBXBuildFile; fileRef = C04DE4641FAE6AF9000D4DA6 /* DailySportsList.swift */; };
		C04DE46A1FAE6E09000D4DA6 /* GetSportsMeetingWebCall.swift in Sources */ = {isa = PBXBuildFile; fileRef = C04DE4691FAE6E09000D4DA6 /* GetSportsMeetingWebCall.swift */; };
		C04DE46D1FAE6E74000D4DA6 /* GetSportsMeetingResponse.swift in Sources */ = {isa = PBXBuildFile; fileRef = C04DE46C1FAE6E74000D4DA6 /* GetSportsMeetingResponse.swift */; };
		C051F1F3210FF841004C064F /* CoursesPrefModule.swift in Sources */ = {isa = PBXBuildFile; fileRef = C051F1F2210FF841004C064F /* CoursesPrefModule.swift */; };
		C051F1F6210FF94C004C064F /* CoursePrefCell.swift in Sources */ = {isa = PBXBuildFile; fileRef = C051F1F5210FF94C004C064F /* CoursePrefCell.swift */; };
		C051F1F8210FF957004C064F /* CoursePrefCell.xib in Resources */ = {isa = PBXBuildFile; fileRef = C051F1F7210FF957004C064F /* CoursePrefCell.xib */; };
		C054B7C71FAF65080041BA03 /* SportsMeetingWrapper.swift in Sources */ = {isa = PBXBuildFile; fileRef = C054B7C61FAF65080041BA03 /* SportsMeetingWrapper.swift */; };
		C05B7A111FCE0C71007C735C /* BlockCourseList.swift in Sources */ = {isa = PBXBuildFile; fileRef = C05B7A101FCE0C71007C735C /* BlockCourseList.swift */; };
		C05BD67A2110E2E500B5B399 /* VariationPrefsModule.swift in Sources */ = {isa = PBXBuildFile; fileRef = C05BD6792110E2E500B5B399 /* VariationPrefsModule.swift */; };
		C05BD67D2110EDA200B5B399 /* LunchPrefsModule.swift in Sources */ = {isa = PBXBuildFile; fileRef = C05BD67C2110EDA200B5B399 /* LunchPrefsModule.swift */; };
		C05BD67F2110EDAF00B5B399 /* LunchPrefsCell.swift in Sources */ = {isa = PBXBuildFile; fileRef = C05BD67E2110EDAF00B5B399 /* LunchPrefsCell.swift */; };
		C05BD6812110EDBA00B5B399 /* LunchPrefsCell.xib in Resources */ = {isa = PBXBuildFile; fileRef = C05BD6802110EDBA00B5B399 /* LunchPrefsCell.xib */; };
		C05F5E801FAE4ACA00724F42 /* SportMeeting.swift in Sources */ = {isa = PBXBuildFile; fileRef = C05F5E7F1FAE4ACA00724F42 /* SportMeeting.swift */; };
		C05F5E821FAE51AB00724F42 /* SportTeam.swift in Sources */ = {isa = PBXBuildFile; fileRef = C05F5E811FAE51AB00724F42 /* SportTeam.swift */; };
		C05F5E851FAE542D00724F42 /* SportSeason.swift in Sources */ = {isa = PBXBuildFile; fileRef = C05F5E841FAE542D00724F42 /* SportSeason.swift */; };
		C05F5E871FAE54AA00724F42 /* SportTier.swift in Sources */ = {isa = PBXBuildFile; fileRef = C05F5E861FAE54AA00724F42 /* SportTier.swift */; };
		C05F5E891FAE561400724F42 /* SportGender.swift in Sources */ = {isa = PBXBuildFile; fileRef = C05F5E881FAE561400724F42 /* SportGender.swift */; };
		C05F5E8B1FAE56CC00724F42 /* TeamDeclarations.swift in Sources */ = {isa = PBXBuildFile; fileRef = C05F5E8A1FAE56CC00724F42 /* TeamDeclarations.swift */; };
		C061F80B2115F90600F0374C /* SettingsCourseTextCell.swift in Sources */ = {isa = PBXBuildFile; fileRef = C061F80A2115F90600F0374C /* SettingsCourseTextCell.swift */; };
		C061F80D2115F91700F0374C /* SettingsCourseTextCell.xib in Resources */ = {isa = PBXBuildFile; fileRef = C061F80C2115F91600F0374C /* SettingsCourseTextCell.xib */; };
		C06AE4F521154B79003A1EE8 /* SettingsClassController.swift in Sources */ = {isa = PBXBuildFile; fileRef = C06AE4F421154B79003A1EE8 /* SettingsClassController.swift */; };
		C0707FC01F69753100C7D2ED /* Storage.swift in Sources */ = {isa = PBXBuildFile; fileRef = C0707FBF1F69753100C7D2ED /* Storage.swift */; };
		C0711AFA20DAC2DB009243CC /* DayOfWeek.swift in Sources */ = {isa = PBXBuildFile; fileRef = C0711AF920DAC2DB009243CC /* DayOfWeek.swift */; };
		C0711B0320DAC3BE009243CC /* TimeDuration.swift in Sources */ = {isa = PBXBuildFile; fileRef = C0711B0220DAC3BE009243CC /* TimeDuration.swift */; };
		C0760225210F89FD00398827 /* NoClassCell.xib in Resources */ = {isa = PBXBuildFile; fileRef = C0760224210F89FD00398827 /* NoClassCell.xib */; };
		C0760227210F8A0800398827 /* NoClassCell.swift in Sources */ = {isa = PBXBuildFile; fileRef = C0760226210F8A0800398827 /* NoClassCell.swift */; };
		C081C2E81FE450F0008073F3 /* LunchManager.swift in Sources */ = {isa = PBXBuildFile; fileRef = C081C2E71FE450F0008073F3 /* LunchManager.swift */; };
		C081C2EA1FE45108008073F3 /* LunchMenu.swift in Sources */ = {isa = PBXBuildFile; fileRef = C081C2E91FE45108008073F3 /* LunchMenu.swift */; };
		C081C2ED1FE45120008073F3 /* GetMenuWebCall.swift in Sources */ = {isa = PBXBuildFile; fileRef = C081C2EC1FE45120008073F3 /* GetMenuWebCall.swift */; };
		C08FBF9D210FB290005812F1 /* TodayDoneCell.xib in Resources */ = {isa = PBXBuildFile; fileRef = C08FBF9C210FB290005812F1 /* TodayDoneCell.xib */; };
		C08FBF9F210FB29C005812F1 /* TodayDoneCell.swift in Sources */ = {isa = PBXBuildFile; fileRef = C08FBF9E210FB29C005812F1 /* TodayDoneCell.swift */; };
		C0929F412110C612004A373B /* PrefsActionCell.swift in Sources */ = {isa = PBXBuildFile; fileRef = C0929F402110C612004A373B /* PrefsActionCell.swift */; };
		C0929F432110C61B004A373B /* PrefsActionCell.xib in Resources */ = {isa = PBXBuildFile; fileRef = C0929F422110C61B004A373B /* PrefsActionCell.xib */; };
		C093434B1FAA1B7A00629A84 /* BlockID.swift in Sources */ = {isa = PBXBuildFile; fileRef = C093434A1FAA1B7A00629A84 /* BlockID.swift */; };
		C09B41D0211378BD00D636D7 /* TableSection+Core.swift in Sources */ = {isa = PBXBuildFile; fileRef = C09B41CF211378BD00D636D7 /* TableSection+Core.swift */; };
		C09BF04D210ADB390073C217 /* CompositeBlock.swift in Sources */ = {isa = PBXBuildFile; fileRef = C09BF04C210ADB390073C217 /* CompositeBlock.swift */; };
		C09BF050210AE5370073C217 /* CalendarController.swift in Sources */ = {isa = PBXBuildFile; fileRef = C09BF04F210AE5370073C217 /* CalendarController.swift */; };
		C0A0327F2037A5B20046575C /* RegistrationWebCall.swift in Sources */ = {isa = PBXBuildFile; fileRef = C0A0327E2037A5B20046575C /* RegistrationWebCall.swift */; };
		C0A123402115FF4000A72CD8 /* SettingsCourseColorCell.swift in Sources */ = {isa = PBXBuildFile; fileRef = C0A1233F2115FF4000A72CD8 /* SettingsCourseColorCell.swift */; };
		C0A123422115FF4E00A72CD8 /* SettingsCourseColorCell.xib in Resources */ = {isa = PBXBuildFile; fileRef = C0A123412115FF4E00A72CD8 /* SettingsCourseColorCell.xib */; };
		C0A167AA210E678800DB6BC4 /* ErrorCell.xib in Resources */ = {isa = PBXBuildFile; fileRef = C0A167A9210E678800DB6BC4 /* ErrorCell.xib */; };
		C0A167AC210E679700DB6BC4 /* ErrorCell.swift in Sources */ = {isa = PBXBuildFile; fileRef = C0A167AB210E679700DB6BC4 /* ErrorCell.swift */; };
		C0A167AE210E6AB200DB6BC4 /* ErrorReloadable.swift in Sources */ = {isa = PBXBuildFile; fileRef = C0A167AD210E6AB200DB6BC4 /* ErrorReloadable.swift */; };
		C0A167B3210E6F3300DB6BC4 /* LoadingCell.xib in Resources */ = {isa = PBXBuildFile; fileRef = C0A167B2210E6F3300DB6BC4 /* LoadingCell.xib */; };
		C0A167B5210E6FB800DB6BC4 /* LoadingCell.swift in Sources */ = {isa = PBXBuildFile; fileRef = C0A167B4210E6FB800DB6BC4 /* LoadingCell.swift */; };
		C0A1FB132001B247004146CE /* BlockAnalyst.swift in Sources */ = {isa = PBXBuildFile; fileRef = C0A1FB122001B247004146CE /* BlockAnalyst.swift */; };
		C0A1FB162001B36C004146CE /* ScheduleVariationStorage.swift in Sources */ = {isa = PBXBuildFile; fileRef = C0A1FB152001B36C004146CE /* ScheduleVariationStorage.swift */; };
		C0A1FB1A2001D705004146CE /* DateSchedule.swift in Sources */ = {isa = PBXBuildFile; fileRef = C0A1FB192001D705004146CE /* DateSchedule.swift */; };
		C0A26FBC1FAF76620060DC23 /* SportsPrefModule.swift in Sources */ = {isa = PBXBuildFile; fileRef = C0A26FBB1FAF76620060DC23 /* SportsPrefModule.swift */; };
		C0A3D57C21093545004F5049 /* TodayController.swift in Sources */ = {isa = PBXBuildFile; fileRef = C0A3D57B21093545004F5049 /* TodayController.swift */; };
		C0A3D57F2109355E004F5049 /* DayController.swift in Sources */ = {isa = PBXBuildFile; fileRef = C0A3D57E2109355E004F5049 /* DayController.swift */; };
		C0A5F023210B9FBA00606ED3 /* BlockPayload.swift in Sources */ = {isa = PBXBuildFile; fileRef = C0A5F022210B9FBA00606ED3 /* BlockPayload.swift */; };
		C0A5F025210BA22200606ED3 /* DayPayload.swift in Sources */ = {isa = PBXBuildFile; fileRef = C0A5F024210BA22200606ED3 /* DayPayload.swift */; };
		C0ACFD1A21116863002886A2 /* TodayStatusCell.swift in Sources */ = {isa = PBXBuildFile; fileRef = C0ACFD1921116863002886A2 /* TodayStatusCell.swift */; };
		C0ACFD1C2111686D002886A2 /* TodayStatusCell.xib in Resources */ = {isa = PBXBuildFile; fileRef = C0ACFD1B2111686D002886A2 /* TodayStatusCell.xib */; };
		C0B04F461FD177EC00F5D116 /* MeetingPrefModule.swift in Sources */ = {isa = PBXBuildFile; fileRef = C0B04F451FD177EC00F5D116 /* MeetingPrefModule.swift */; };
		C0B08EC52115108D00FD7289 /* NotificationCenter.framework in Frameworks */ = {isa = PBXBuildFile; fileRef = C0B08EC42115108D00FD7289 /* NotificationCenter.framework */; };
		C0B08EC82115108D00FD7289 /* TodayViewController.swift in Sources */ = {isa = PBXBuildFile; fileRef = C0B08EC72115108D00FD7289 /* TodayViewController.swift */; };
		C0B08ECB2115108D00FD7289 /* MainInterface.storyboard in Resources */ = {isa = PBXBuildFile; fileRef = C0B08EC92115108D00FD7289 /* MainInterface.storyboard */; };
		C0B08ECF2115108D00FD7289 /* Schedule.appex in Embed App Extensions */ = {isa = PBXBuildFile; fileRef = C0B08EC32115108D00FD7289 /* Schedule.appex */; settings = {ATTRIBUTES = (RemoveHeadersOnCopy, ); }; };
		C0B56A292110F8F3000A8C3F /* AddCourseController.swift in Sources */ = {isa = PBXBuildFile; fileRef = C0B56A282110F8F3000A8C3F /* AddCourseController.swift */; };
		C0C176521FAA39E50059E956 /* SportsManager.swift in Sources */ = {isa = PBXBuildFile; fileRef = C0C176511FAA39E50059E956 /* SportsManager.swift */; };
		C0C176591FAA5F450059E956 /* Scheme.swift in Sources */ = {isa = PBXBuildFile; fileRef = C0C176581FAA5F450059E956 /* Scheme.swift */; };
		C0C1765B1FAA60C10059E956 /* SportType.swift in Sources */ = {isa = PBXBuildFile; fileRef = C0C1765A1FAA60C10059E956 /* SportType.swift */; };
		C0C785B0210FD980003A5EB8 /* LunchItemAttachmentView.swift in Sources */ = {isa = PBXBuildFile; fileRef = C0C785AF210FD980003A5EB8 /* LunchItemAttachmentView.swift */; };
		C0C785B3210FDB88003A5EB8 /* TitleCell.xib in Resources */ = {isa = PBXBuildFile; fileRef = C0C785B2210FDB88003A5EB8 /* TitleCell.xib */; };
		C0C785B5210FDB8E003A5EB8 /* TitleCell.swift in Sources */ = {isa = PBXBuildFile; fileRef = C0C785B4210FDB8E003A5EB8 /* TitleCell.swift */; };
		C0C7EA4921135D2400717B53 /* KnightlifePayload.swift in Sources */ = {isa = PBXBuildFile; fileRef = C0C7EA4821135D2400717B53 /* KnightlifePayload.swift */; };
		C0CAF2CE210C223C001A69BF /* LunchController.swift in Sources */ = {isa = PBXBuildFile; fileRef = C0CAF2CD210C223C001A69BF /* LunchController.swift */; };
		C0CB9C101FE4634000437C5D /* EventManager.swift in Sources */ = {isa = PBXBuildFile; fileRef = C0CB9C0F1FE4634000437C5D /* EventManager.swift */; };
		C0CB9C131FE464D900437C5D /* Event.swift in Sources */ = {isa = PBXBuildFile; fileRef = C0CB9C121FE464D900437C5D /* Event.swift */; };
		C0CB9C151FE4668B00437C5D /* EventAudience.swift in Sources */ = {isa = PBXBuildFile; fileRef = C0CB9C141FE4668B00437C5D /* EventAudience.swift */; };
		C0CB9C191FE468F500437C5D /* GetEventsWebCall.swift in Sources */ = {isa = PBXBuildFile; fileRef = C0CB9C181FE468F500437C5D /* GetEventsWebCall.swift */; };
		C0CB9C201FE4698000437C5D /* EventList.swift in Sources */ = {isa = PBXBuildFile; fileRef = C0CB9C1F1FE4698000437C5D /* EventList.swift */; };
		C0D2110D2069463200D5D2B2 /* CourseManager.swift in Sources */ = {isa = PBXBuildFile; fileRef = C0D2110C2069463200D5D2B2 /* CourseManager.swift */; };
		C0D6E9422107B8AC004BD0F4 /* Date+Core.swift in Sources */ = {isa = PBXBuildFile; fileRef = C0D6E9412107B8AC004BD0F4 /* Date+Core.swift */; };
		C0D6E9442107BC7A004BD0F4 /* Calendar+Core.swift in Sources */ = {isa = PBXBuildFile; fileRef = C0D6E9432107BC7A004BD0F4 /* Calendar+Core.swift */; };
		C0DF4EFF210CEAD7002A433C /* DayBundleManager.swift in Sources */ = {isa = PBXBuildFile; fileRef = C0DF4EFE210CEAD7002A433C /* DayBundleManager.swift */; };
		C0DF4F04210CEB26002A433C /* DayBundle.swift in Sources */ = {isa = PBXBuildFile; fileRef = C0DF4F03210CEB26002A433C /* DayBundle.swift */; };
		C0F02CA52110E12B00AE9F91 /* VariationPrefCell.swift in Sources */ = {isa = PBXBuildFile; fileRef = C0F02CA42110E12B00AE9F91 /* VariationPrefCell.swift */; };
		C0F02CA72110E13400AE9F91 /* VariationPrefCell.xib in Resources */ = {isa = PBXBuildFile; fileRef = C0F02CA62110E13400AE9F91 /* VariationPrefCell.xib */; };
		C0FCDBC4210978D00080A883 /* SubtitleNavigationItem.swift in Sources */ = {isa = PBXBuildFile; fileRef = C0FCDBC3210978D00080A883 /* SubtitleNavigationItem.swift */; };
		C0FCDBC9210A86000080A883 /* BlockListModule.swift in Sources */ = {isa = PBXBuildFile; fileRef = C0FCDBC8210A86000080A883 /* BlockListModule.swift */; };
		C0FCDBCB210A964A0080A883 /* AttachmentView.swift in Sources */ = {isa = PBXBuildFile; fileRef = C0FCDBCA210A964A0080A883 /* AttachmentView.swift */; };
		C0FCDBCE210AAC980080A883 /* LunchAttachmentView.swift in Sources */ = {isa = PBXBuildFile; fileRef = C0FCDBCD210AAC980080A883 /* LunchAttachmentView.swift */; };
		C0FCDBD0210AB5F60080A883 /* EventAttachmentView.swift in Sources */ = {isa = PBXBuildFile; fileRef = C0FCDBCF210AB5F60080A883 /* EventAttachmentView.swift */; };
		FCA8F115BA18B9ED9502A35F /* Pods_Glancer.framework in Frameworks */ = {isa = PBXBuildFile; fileRef = 1F470ADD7C18579EBB839A46 /* Pods_Glancer.framework */; };
/* End PBXBuildFile section */

/* Begin PBXContainerItemProxy section */
		C0B08ECD2115108D00FD7289 /* PBXContainerItemProxy */ = {
			isa = PBXContainerItemProxy;
			containerPortal = 5BD285CF1B03CF29007A0472 /* Project object */;
			proxyType = 1;
			remoteGlobalIDString = C0B08EC22115108D00FD7289;
			remoteInfo = Schedule;
		};
/* End PBXContainerItemProxy section */

/* Begin PBXCopyFilesBuildPhase section */
		5BC261901B0EA7D700AEBAC1 /* Embed App Extensions */ = {
			isa = PBXCopyFilesBuildPhase;
			buildActionMask = 2147483647;
			dstPath = "";
			dstSubfolderSpec = 13;
			files = (
				C0B08ECF2115108D00FD7289 /* Schedule.appex in Embed App Extensions */,
			);
			name = "Embed App Extensions";
			runOnlyForDeploymentPostprocessing = 0;
		};
/* End PBXCopyFilesBuildPhase section */

/* Begin PBXFileReference section */
		1F470ADD7C18579EBB839A46 /* Pods_Glancer.framework */ = {isa = PBXFileReference; explicitFileType = wrapper.framework; includeInIndex = 0; path = Pods_Glancer.framework; sourceTree = BUILT_PRODUCTS_DIR; };
		58A653CB12ADDA255E5BD3BC /* Pods-Glancer.debug.xcconfig */ = {isa = PBXFileReference; includeInIndex = 1; lastKnownFileType = text.xcconfig; name = "Pods-Glancer.debug.xcconfig"; path = "Pods/Target Support Files/Pods-Glancer/Pods-Glancer.debug.xcconfig"; sourceTree = "<group>"; };
		5B55DC2C1B27B21500D55EB9 /* Glancer.entitlements */ = {isa = PBXFileReference; lastKnownFileType = text.xml; path = Glancer.entitlements; sourceTree = "<group>"; };
		5BD072471C74AEB40074B56D /* Main.storyboard */ = {isa = PBXFileReference; fileEncoding = 4; lastKnownFileType = file.storyboard; path = Main.storyboard; sourceTree = "<group>"; };
		5BD285D71B03CF29007A0472 /* Glancer.app */ = {isa = PBXFileReference; explicitFileType = wrapper.application; includeInIndex = 0; path = Glancer.app; sourceTree = BUILT_PRODUCTS_DIR; };
		5BD285DB1B03CF29007A0472 /* Info.plist */ = {isa = PBXFileReference; lastKnownFileType = text.plist.xml; path = Info.plist; sourceTree = "<group>"; };
		5BD285DC1B03CF29007A0472 /* AppDelegate.swift */ = {isa = PBXFileReference; lastKnownFileType = sourcecode.swift; path = AppDelegate.swift; sourceTree = "<group>"; };
		5BD285E31B03CF29007A0472 /* Images.xcassets */ = {isa = PBXFileReference; lastKnownFileType = folder.assetcatalog; path = Images.xcassets; sourceTree = "<group>"; };
		9466F2152BC50BA15580FF7E /* Pods-Glancer.release.xcconfig */ = {isa = PBXFileReference; includeInIndex = 1; lastKnownFileType = text.xcconfig; name = "Pods-Glancer.release.xcconfig"; path = "Pods/Target Support Files/Pods-Glancer/Pods-Glancer.release.xcconfig"; sourceTree = "<group>"; };
		C00232A41FA37E760019D328 /* Course.swift */ = {isa = PBXFileReference; lastKnownFileType = sourcecode.swift; path = Course.swift; sourceTree = "<group>"; };
		C00232A61FA37EFC0019D328 /* CourseSchedule.swift */ = {isa = PBXFileReference; lastKnownFileType = sourcecode.swift; path = CourseSchedule.swift; sourceTree = "<group>"; };
		C006914E210EC55C0099CD57 /* SettingsController.swift */ = {isa = PBXFileReference; lastKnownFileType = sourcecode.swift; path = SettingsController.swift; sourceTree = "<group>"; };
		C01539BA2110EE890059C807 /* ShowAllergyStorage.swift */ = {isa = PBXFileReference; lastKnownFileType = sourcecode.swift; path = ShowAllergyStorage.swift; sourceTree = "<group>"; };
		C01573BB20C462ED008CACA5 /* TodayManager.swift */ = {isa = PBXFileReference; lastKnownFileType = sourcecode.swift; path = TodayManager.swift; sourceTree = "<group>"; };
		C019C1601F7D3CED00FC4EED /* Launch.storyboard */ = {isa = PBXFileReference; lastKnownFileType = file.storyboard; path = Launch.storyboard; sourceTree = "<group>"; };
		C01F2D0D21138EBE00E461FA /* NextSchooldayWebCall.swift */ = {isa = PBXFileReference; lastKnownFileType = sourcecode.swift; path = NextSchooldayWebCall.swift; sourceTree = "<group>"; };
		C02A2B0C1FAD47E400D3A9CD /* GetPatchWebCall.swift */ = {isa = PBXFileReference; lastKnownFileType = sourcecode.swift; path = GetPatchWebCall.swift; sourceTree = "<group>"; };
		C02A2B131FAD527600D3A9CD /* Block.swift */ = {isa = PBXFileReference; lastKnownFileType = sourcecode.swift; path = Block.swift; sourceTree = "<group>"; };
		C02A2B161FAD539E00D3A9CD /* DaySchedule.swift */ = {isa = PBXFileReference; lastKnownFileType = sourcecode.swift; path = DaySchedule.swift; sourceTree = "<group>"; };
		C02B91CA1FB6886E004E0D5D /* DayCourseList.swift */ = {isa = PBXFileReference; lastKnownFileType = sourcecode.swift; path = DayCourseList.swift; sourceTree = "<group>"; };
		C036366A1FACF7EA008FC9A9 /* ScheduleManager.swift */ = {isa = PBXFileReference; lastKnownFileType = sourcecode.swift; path = ScheduleManager.swift; sourceTree = "<group>"; };
		C036366C1FACF864008FC9A9 /* GetScheduleWebCall.swift */ = {isa = PBXFileReference; lastKnownFileType = sourcecode.swift; path = GetScheduleWebCall.swift; sourceTree = "<group>"; };
		C04653C5210936AC004AD09C /* BlockCell.xib */ = {isa = PBXFileReference; lastKnownFileType = file.xib; path = BlockCell.xib; sourceTree = "<group>"; };
		C04653C7210936B9004AD09C /* BlockCell.swift */ = {isa = PBXFileReference; lastKnownFileType = sourcecode.swift; path = BlockCell.swift; sourceTree = "<group>"; };
		C04D1EC3210FD7B90001C99C /* LunchItemCell.swift */ = {isa = PBXFileReference; lastKnownFileType = sourcecode.swift; path = LunchItemCell.swift; sourceTree = "<group>"; };
		C04D1EC5210FD7C10001C99C /* LunchItemCell.xib */ = {isa = PBXFileReference; lastKnownFileType = file.xib; path = LunchItemCell.xib; sourceTree = "<group>"; };
		C04DE4641FAE6AF9000D4DA6 /* DailySportsList.swift */ = {isa = PBXFileReference; lastKnownFileType = sourcecode.swift; path = DailySportsList.swift; sourceTree = "<group>"; };
		C04DE4691FAE6E09000D4DA6 /* GetSportsMeetingWebCall.swift */ = {isa = PBXFileReference; lastKnownFileType = sourcecode.swift; path = GetSportsMeetingWebCall.swift; sourceTree = "<group>"; };
		C04DE46C1FAE6E74000D4DA6 /* GetSportsMeetingResponse.swift */ = {isa = PBXFileReference; lastKnownFileType = sourcecode.swift; path = GetSportsMeetingResponse.swift; sourceTree = "<group>"; };
		C051F1F2210FF841004C064F /* CoursesPrefModule.swift */ = {isa = PBXFileReference; lastKnownFileType = sourcecode.swift; path = CoursesPrefModule.swift; sourceTree = "<group>"; };
		C051F1F5210FF94C004C064F /* CoursePrefCell.swift */ = {isa = PBXFileReference; lastKnownFileType = sourcecode.swift; path = CoursePrefCell.swift; sourceTree = "<group>"; };
		C051F1F7210FF957004C064F /* CoursePrefCell.xib */ = {isa = PBXFileReference; lastKnownFileType = file.xib; path = CoursePrefCell.xib; sourceTree = "<group>"; };
		C054B7C61FAF65080041BA03 /* SportsMeetingWrapper.swift */ = {isa = PBXFileReference; lastKnownFileType = sourcecode.swift; path = SportsMeetingWrapper.swift; sourceTree = "<group>"; };
		C05B7A101FCE0C71007C735C /* BlockCourseList.swift */ = {isa = PBXFileReference; lastKnownFileType = sourcecode.swift; path = BlockCourseList.swift; sourceTree = "<group>"; };
		C05BD6792110E2E500B5B399 /* VariationPrefsModule.swift */ = {isa = PBXFileReference; lastKnownFileType = sourcecode.swift; path = VariationPrefsModule.swift; sourceTree = "<group>"; };
		C05BD67C2110EDA200B5B399 /* LunchPrefsModule.swift */ = {isa = PBXFileReference; lastKnownFileType = sourcecode.swift; path = LunchPrefsModule.swift; sourceTree = "<group>"; };
		C05BD67E2110EDAF00B5B399 /* LunchPrefsCell.swift */ = {isa = PBXFileReference; lastKnownFileType = sourcecode.swift; path = LunchPrefsCell.swift; sourceTree = "<group>"; };
		C05BD6802110EDBA00B5B399 /* LunchPrefsCell.xib */ = {isa = PBXFileReference; lastKnownFileType = file.xib; path = LunchPrefsCell.xib; sourceTree = "<group>"; };
		C05F5E7F1FAE4ACA00724F42 /* SportMeeting.swift */ = {isa = PBXFileReference; lastKnownFileType = sourcecode.swift; path = SportMeeting.swift; sourceTree = "<group>"; };
		C05F5E811FAE51AB00724F42 /* SportTeam.swift */ = {isa = PBXFileReference; lastKnownFileType = sourcecode.swift; path = SportTeam.swift; sourceTree = "<group>"; };
		C05F5E841FAE542D00724F42 /* SportSeason.swift */ = {isa = PBXFileReference; lastKnownFileType = sourcecode.swift; path = SportSeason.swift; sourceTree = "<group>"; };
		C05F5E861FAE54AA00724F42 /* SportTier.swift */ = {isa = PBXFileReference; lastKnownFileType = sourcecode.swift; path = SportTier.swift; sourceTree = "<group>"; };
		C05F5E881FAE561400724F42 /* SportGender.swift */ = {isa = PBXFileReference; lastKnownFileType = sourcecode.swift; path = SportGender.swift; sourceTree = "<group>"; };
		C05F5E8A1FAE56CC00724F42 /* TeamDeclarations.swift */ = {isa = PBXFileReference; lastKnownFileType = sourcecode.swift; path = TeamDeclarations.swift; sourceTree = "<group>"; };
		C061F80A2115F90600F0374C /* SettingsCourseTextCell.swift */ = {isa = PBXFileReference; lastKnownFileType = sourcecode.swift; path = SettingsCourseTextCell.swift; sourceTree = "<group>"; };
		C061F80C2115F91600F0374C /* SettingsCourseTextCell.xib */ = {isa = PBXFileReference; lastKnownFileType = file.xib; path = SettingsCourseTextCell.xib; sourceTree = "<group>"; };
		C06AE4F421154B79003A1EE8 /* SettingsClassController.swift */ = {isa = PBXFileReference; lastKnownFileType = sourcecode.swift; path = SettingsClassController.swift; sourceTree = "<group>"; };
		C0707FBF1F69753100C7D2ED /* Storage.swift */ = {isa = PBXFileReference; fileEncoding = 4; lastKnownFileType = sourcecode.swift; path = Storage.swift; sourceTree = "<group>"; };
		C0711AF920DAC2DB009243CC /* DayOfWeek.swift */ = {isa = PBXFileReference; lastKnownFileType = sourcecode.swift; path = DayOfWeek.swift; sourceTree = "<group>"; };
		C0711B0220DAC3BE009243CC /* TimeDuration.swift */ = {isa = PBXFileReference; lastKnownFileType = sourcecode.swift; path = TimeDuration.swift; sourceTree = "<group>"; };
		C0760224210F89FD00398827 /* NoClassCell.xib */ = {isa = PBXFileReference; lastKnownFileType = file.xib; path = NoClassCell.xib; sourceTree = "<group>"; };
		C0760226210F8A0800398827 /* NoClassCell.swift */ = {isa = PBXFileReference; lastKnownFileType = sourcecode.swift; path = NoClassCell.swift; sourceTree = "<group>"; };
		C081C2E71FE450F0008073F3 /* LunchManager.swift */ = {isa = PBXFileReference; lastKnownFileType = sourcecode.swift; path = LunchManager.swift; sourceTree = "<group>"; };
		C081C2E91FE45108008073F3 /* LunchMenu.swift */ = {isa = PBXFileReference; lastKnownFileType = sourcecode.swift; path = LunchMenu.swift; sourceTree = "<group>"; };
		C081C2EC1FE45120008073F3 /* GetMenuWebCall.swift */ = {isa = PBXFileReference; lastKnownFileType = sourcecode.swift; path = GetMenuWebCall.swift; sourceTree = "<group>"; };
		C08FBF9C210FB290005812F1 /* TodayDoneCell.xib */ = {isa = PBXFileReference; lastKnownFileType = file.xib; path = TodayDoneCell.xib; sourceTree = "<group>"; };
		C08FBF9E210FB29C005812F1 /* TodayDoneCell.swift */ = {isa = PBXFileReference; lastKnownFileType = sourcecode.swift; path = TodayDoneCell.swift; sourceTree = "<group>"; };
		C0929F402110C612004A373B /* PrefsActionCell.swift */ = {isa = PBXFileReference; lastKnownFileType = sourcecode.swift; path = PrefsActionCell.swift; sourceTree = "<group>"; };
		C0929F422110C61B004A373B /* PrefsActionCell.xib */ = {isa = PBXFileReference; lastKnownFileType = file.xib; path = PrefsActionCell.xib; sourceTree = "<group>"; };
		C093434A1FAA1B7A00629A84 /* BlockID.swift */ = {isa = PBXFileReference; lastKnownFileType = sourcecode.swift; path = BlockID.swift; sourceTree = "<group>"; };
		C09B41CF211378BD00D636D7 /* TableSection+Core.swift */ = {isa = PBXFileReference; lastKnownFileType = sourcecode.swift; path = "TableSection+Core.swift"; sourceTree = "<group>"; };
		C09BF04C210ADB390073C217 /* CompositeBlock.swift */ = {isa = PBXFileReference; lastKnownFileType = sourcecode.swift; path = CompositeBlock.swift; sourceTree = "<group>"; };
		C09BF04F210AE5370073C217 /* CalendarController.swift */ = {isa = PBXFileReference; lastKnownFileType = sourcecode.swift; path = CalendarController.swift; sourceTree = "<group>"; };
		C0A0327E2037A5B20046575C /* RegistrationWebCall.swift */ = {isa = PBXFileReference; lastKnownFileType = sourcecode.swift; path = RegistrationWebCall.swift; sourceTree = "<group>"; };
		C0A1233F2115FF4000A72CD8 /* SettingsCourseColorCell.swift */ = {isa = PBXFileReference; lastKnownFileType = sourcecode.swift; path = SettingsCourseColorCell.swift; sourceTree = "<group>"; };
		C0A123412115FF4E00A72CD8 /* SettingsCourseColorCell.xib */ = {isa = PBXFileReference; lastKnownFileType = file.xib; path = SettingsCourseColorCell.xib; sourceTree = "<group>"; };
		C0A167A9210E678800DB6BC4 /* ErrorCell.xib */ = {isa = PBXFileReference; lastKnownFileType = file.xib; path = ErrorCell.xib; sourceTree = "<group>"; };
		C0A167AB210E679700DB6BC4 /* ErrorCell.swift */ = {isa = PBXFileReference; lastKnownFileType = sourcecode.swift; path = ErrorCell.swift; sourceTree = "<group>"; };
		C0A167AD210E6AB200DB6BC4 /* ErrorReloadable.swift */ = {isa = PBXFileReference; lastKnownFileType = sourcecode.swift; path = ErrorReloadable.swift; sourceTree = "<group>"; };
		C0A167B2210E6F3300DB6BC4 /* LoadingCell.xib */ = {isa = PBXFileReference; lastKnownFileType = file.xib; path = LoadingCell.xib; sourceTree = "<group>"; };
		C0A167B4210E6FB800DB6BC4 /* LoadingCell.swift */ = {isa = PBXFileReference; lastKnownFileType = sourcecode.swift; path = LoadingCell.swift; sourceTree = "<group>"; };
		C0A1FB122001B247004146CE /* BlockAnalyst.swift */ = {isa = PBXFileReference; lastKnownFileType = sourcecode.swift; path = BlockAnalyst.swift; sourceTree = "<group>"; };
		C0A1FB152001B36C004146CE /* ScheduleVariationStorage.swift */ = {isa = PBXFileReference; lastKnownFileType = sourcecode.swift; path = ScheduleVariationStorage.swift; sourceTree = "<group>"; };
		C0A1FB192001D705004146CE /* DateSchedule.swift */ = {isa = PBXFileReference; lastKnownFileType = sourcecode.swift; path = DateSchedule.swift; sourceTree = "<group>"; };
		C0A26FBB1FAF76620060DC23 /* SportsPrefModule.swift */ = {isa = PBXFileReference; lastKnownFileType = sourcecode.swift; path = SportsPrefModule.swift; sourceTree = "<group>"; };
		C0A3D57B21093545004F5049 /* TodayController.swift */ = {isa = PBXFileReference; lastKnownFileType = sourcecode.swift; path = TodayController.swift; sourceTree = "<group>"; };
		C0A3D57E2109355E004F5049 /* DayController.swift */ = {isa = PBXFileReference; lastKnownFileType = sourcecode.swift; path = DayController.swift; sourceTree = "<group>"; };
		C0A5F022210B9FBA00606ED3 /* BlockPayload.swift */ = {isa = PBXFileReference; lastKnownFileType = sourcecode.swift; path = BlockPayload.swift; sourceTree = "<group>"; };
		C0A5F024210BA22200606ED3 /* DayPayload.swift */ = {isa = PBXFileReference; lastKnownFileType = sourcecode.swift; path = DayPayload.swift; sourceTree = "<group>"; };
		C0ACFD1921116863002886A2 /* TodayStatusCell.swift */ = {isa = PBXFileReference; lastKnownFileType = sourcecode.swift; path = TodayStatusCell.swift; sourceTree = "<group>"; };
		C0ACFD1B2111686D002886A2 /* TodayStatusCell.xib */ = {isa = PBXFileReference; lastKnownFileType = file.xib; path = TodayStatusCell.xib; sourceTree = "<group>"; };
		C0B04F451FD177EC00F5D116 /* MeetingPrefModule.swift */ = {isa = PBXFileReference; lastKnownFileType = sourcecode.swift; path = MeetingPrefModule.swift; sourceTree = "<group>"; };
		C0B08EC32115108D00FD7289 /* Schedule.appex */ = {isa = PBXFileReference; explicitFileType = "wrapper.app-extension"; includeInIndex = 0; path = Schedule.appex; sourceTree = BUILT_PRODUCTS_DIR; };
		C0B08EC42115108D00FD7289 /* NotificationCenter.framework */ = {isa = PBXFileReference; lastKnownFileType = wrapper.framework; name = NotificationCenter.framework; path = System/Library/Frameworks/NotificationCenter.framework; sourceTree = SDKROOT; };
		C0B08EC72115108D00FD7289 /* TodayViewController.swift */ = {isa = PBXFileReference; lastKnownFileType = sourcecode.swift; path = TodayViewController.swift; sourceTree = "<group>"; };
		C0B08ECA2115108D00FD7289 /* Base */ = {isa = PBXFileReference; lastKnownFileType = file.storyboard; name = Base; path = Base.lproj/MainInterface.storyboard; sourceTree = "<group>"; };
		C0B08ECC2115108D00FD7289 /* Info.plist */ = {isa = PBXFileReference; lastKnownFileType = text.plist.xml; path = Info.plist; sourceTree = "<group>"; };
		C0B56A282110F8F3000A8C3F /* AddCourseController.swift */ = {isa = PBXFileReference; lastKnownFileType = sourcecode.swift; path = AddCourseController.swift; sourceTree = "<group>"; };
		C0C176511FAA39E50059E956 /* SportsManager.swift */ = {isa = PBXFileReference; lastKnownFileType = sourcecode.swift; path = SportsManager.swift; sourceTree = "<group>"; };
		C0C176581FAA5F450059E956 /* Scheme.swift */ = {isa = PBXFileReference; lastKnownFileType = sourcecode.swift; path = Scheme.swift; sourceTree = "<group>"; };
		C0C1765A1FAA60C10059E956 /* SportType.swift */ = {isa = PBXFileReference; lastKnownFileType = sourcecode.swift; path = SportType.swift; sourceTree = "<group>"; };
		C0C785AF210FD980003A5EB8 /* LunchItemAttachmentView.swift */ = {isa = PBXFileReference; lastKnownFileType = sourcecode.swift; path = LunchItemAttachmentView.swift; sourceTree = "<group>"; };
		C0C785B2210FDB88003A5EB8 /* TitleCell.xib */ = {isa = PBXFileReference; lastKnownFileType = file.xib; path = TitleCell.xib; sourceTree = "<group>"; };
		C0C785B4210FDB8E003A5EB8 /* TitleCell.swift */ = {isa = PBXFileReference; lastKnownFileType = sourcecode.swift; path = TitleCell.swift; sourceTree = "<group>"; };
		C0C7EA4821135D2400717B53 /* KnightlifePayload.swift */ = {isa = PBXFileReference; lastKnownFileType = sourcecode.swift; path = KnightlifePayload.swift; sourceTree = "<group>"; };
		C0CAF2CD210C223C001A69BF /* LunchController.swift */ = {isa = PBXFileReference; lastKnownFileType = sourcecode.swift; path = LunchController.swift; sourceTree = "<group>"; };
		C0CB9C0F1FE4634000437C5D /* EventManager.swift */ = {isa = PBXFileReference; lastKnownFileType = sourcecode.swift; path = EventManager.swift; sourceTree = "<group>"; };
		C0CB9C121FE464D900437C5D /* Event.swift */ = {isa = PBXFileReference; lastKnownFileType = sourcecode.swift; path = Event.swift; sourceTree = "<group>"; };
		C0CB9C141FE4668B00437C5D /* EventAudience.swift */ = {isa = PBXFileReference; lastKnownFileType = sourcecode.swift; path = EventAudience.swift; sourceTree = "<group>"; };
		C0CB9C181FE468F500437C5D /* GetEventsWebCall.swift */ = {isa = PBXFileReference; lastKnownFileType = sourcecode.swift; path = GetEventsWebCall.swift; sourceTree = "<group>"; };
		C0CB9C1F1FE4698000437C5D /* EventList.swift */ = {isa = PBXFileReference; lastKnownFileType = sourcecode.swift; path = EventList.swift; sourceTree = "<group>"; };
		C0D2110C2069463200D5D2B2 /* CourseManager.swift */ = {isa = PBXFileReference; lastKnownFileType = sourcecode.swift; path = CourseManager.swift; sourceTree = "<group>"; };
		C0D6E9412107B8AC004BD0F4 /* Date+Core.swift */ = {isa = PBXFileReference; lastKnownFileType = sourcecode.swift; path = "Date+Core.swift"; sourceTree = "<group>"; };
		C0D6E9432107BC7A004BD0F4 /* Calendar+Core.swift */ = {isa = PBXFileReference; lastKnownFileType = sourcecode.swift; path = "Calendar+Core.swift"; sourceTree = "<group>"; };
		C0DF4EFE210CEAD7002A433C /* DayBundleManager.swift */ = {isa = PBXFileReference; lastKnownFileType = sourcecode.swift; path = DayBundleManager.swift; sourceTree = "<group>"; };
		C0DF4F03210CEB26002A433C /* DayBundle.swift */ = {isa = PBXFileReference; lastKnownFileType = sourcecode.swift; path = DayBundle.swift; sourceTree = "<group>"; };
		C0F02CA42110E12B00AE9F91 /* VariationPrefCell.swift */ = {isa = PBXFileReference; lastKnownFileType = sourcecode.swift; path = VariationPrefCell.swift; sourceTree = "<group>"; };
		C0F02CA62110E13400AE9F91 /* VariationPrefCell.xib */ = {isa = PBXFileReference; lastKnownFileType = file.xib; path = VariationPrefCell.xib; sourceTree = "<group>"; };
		C0FCDBC3210978D00080A883 /* SubtitleNavigationItem.swift */ = {isa = PBXFileReference; lastKnownFileType = sourcecode.swift; path = SubtitleNavigationItem.swift; sourceTree = "<group>"; };
		C0FCDBC8210A86000080A883 /* BlockListModule.swift */ = {isa = PBXFileReference; lastKnownFileType = sourcecode.swift; path = BlockListModule.swift; sourceTree = "<group>"; };
		C0FCDBCA210A964A0080A883 /* AttachmentView.swift */ = {isa = PBXFileReference; lastKnownFileType = sourcecode.swift; path = AttachmentView.swift; sourceTree = "<group>"; };
		C0FCDBCD210AAC980080A883 /* LunchAttachmentView.swift */ = {isa = PBXFileReference; lastKnownFileType = sourcecode.swift; path = LunchAttachmentView.swift; sourceTree = "<group>"; };
		C0FCDBCF210AB5F60080A883 /* EventAttachmentView.swift */ = {isa = PBXFileReference; lastKnownFileType = sourcecode.swift; path = EventAttachmentView.swift; sourceTree = "<group>"; };
/* End PBXFileReference section */

/* Begin PBXFrameworksBuildPhase section */
		5BD285D41B03CF29007A0472 /* Frameworks */ = {
			isa = PBXFrameworksBuildPhase;
			buildActionMask = 2147483647;
			files = (
				FCA8F115BA18B9ED9502A35F /* Pods_Glancer.framework in Frameworks */,
			);
			runOnlyForDeploymentPostprocessing = 0;
		};
		C0B08EC02115108D00FD7289 /* Frameworks */ = {
			isa = PBXFrameworksBuildPhase;
			buildActionMask = 2147483647;
			files = (
				C0B08EC52115108D00FD7289 /* NotificationCenter.framework in Frameworks */,
			);
			runOnlyForDeploymentPostprocessing = 0;
		};
/* End PBXFrameworksBuildPhase section */

/* Begin PBXGroup section */
		5BD285CE1B03CF29007A0472 = {
			isa = PBXGroup;
			children = (
				5BD285D91B03CF29007A0472 /* Glancer */,
				C0B08EC62115108D00FD7289 /* Schedule */,
				5BD285D81B03CF29007A0472 /* Products */,
				5CC528ECC20EEE2AB3AA5808 /* Pods */,
				B0E83D8F4EDAB52132304F9D /* Frameworks */,
			);
			sourceTree = "<group>";
		};
		5BD285D81B03CF29007A0472 /* Products */ = {
			isa = PBXGroup;
			children = (
				5BD285D71B03CF29007A0472 /* Glancer.app */,
				C0B08EC32115108D00FD7289 /* Schedule.appex */,
			);
			name = Products;
			sourceTree = "<group>";
		};
		5BD285D91B03CF29007A0472 /* Glancer */ = {
			isa = PBXGroup;
			children = (
				5B55DC2C1B27B21500D55EB9 /* Glancer.entitlements */,
				5BD285DB1B03CF29007A0472 /* Info.plist */,
				5BD285E31B03CF29007A0472 /* Images.xcassets */,
				5BD285DC1B03CF29007A0472 /* AppDelegate.swift */,
				C0C176581FAA5F450059E956 /* Scheme.swift */,
				C0707FBF1F69753100C7D2ED /* Storage.swift */,
				C0711AF820DAC2CD009243CC /* Core */,
				C0CB9C0D1FE4610C00437C5D /* Components */,
				C01867211FC75EFE002027B8 /* Storyboard */,
			);
			path = Glancer;
			sourceTree = "<group>";
		};
		5CC528ECC20EEE2AB3AA5808 /* Pods */ = {
			isa = PBXGroup;
			children = (
				58A653CB12ADDA255E5BD3BC /* Pods-Glancer.debug.xcconfig */,
				9466F2152BC50BA15580FF7E /* Pods-Glancer.release.xcconfig */,
			);
			name = Pods;
			sourceTree = "<group>";
		};
		B0E83D8F4EDAB52132304F9D /* Frameworks */ = {
			isa = PBXGroup;
			children = (
				1F470ADD7C18579EBB839A46 /* Pods_Glancer.framework */,
				C0B08EC42115108D00FD7289 /* NotificationCenter.framework */,
			);
			name = Frameworks;
			sourceTree = "<group>";
		};
		C002329C1FA37D700019D328 /* Courses */ = {
			isa = PBXGroup;
			children = (
				C049269F20009ACA00926082 /* Lists */,
				C02B91C91FB68860004E0D5D /* Elements */,
				C02B91C81FB68754004E0D5D /* Prefs */,
				C0D2110C2069463200D5D2B2 /* CourseManager.swift */,
			);
			name = Courses;
			sourceTree = "<group>";
		};
		C006914D210EC5460099CD57 /* Settings */ = {
			isa = PBXGroup;
			children = (
				C0929F3E2110C5E8004A373B /* Cells */,
				C051F1F1210FF81E004C064F /* Modules */,
				C006914E210EC55C0099CD57 /* SettingsController.swift */,
			);
			name = Settings;
			sourceTree = "<group>";
		};
		C01539B92110EE7E0059C807 /* Storage */ = {
			isa = PBXGroup;
			children = (
				C01539BA2110EE890059C807 /* ShowAllergyStorage.swift */,
			);
			name = Storage;
			sourceTree = "<group>";
		};
		C01539BD2110F57C0059C807 /* Add Course */ = {
			isa = PBXGroup;
			children = (
				C0B56A282110F8F3000A8C3F /* AddCourseController.swift */,
			);
			name = "Add Course";
			sourceTree = "<group>";
		};
		C01573BA20C462DC008CACA5 /* Today */ = {
			isa = PBXGroup;
			children = (
				C01F2D0C21138EAC00E461FA /* Web Call */,
				C01573BB20C462ED008CACA5 /* TodayManager.swift */,
			);
			name = Today;
			sourceTree = "<group>";
		};
		C01867211FC75EFE002027B8 /* Storyboard */ = {
			isa = PBXGroup;
			children = (
				5BD072471C74AEB40074B56D /* Main.storyboard */,
				C019C1601F7D3CED00FC4EED /* Launch.storyboard */,
				C04653C32109368A004AD09C /* Elements */,
				C079C22F1FACA97D009067DE /* Controllers */,
			);
			name = Storyboard;
			sourceTree = "<group>";
		};
		C01F2D0C21138EAC00E461FA /* Web Call */ = {
			isa = PBXGroup;
			children = (
				C01F2D0D21138EBE00E461FA /* NextSchooldayWebCall.swift */,
			);
			name = "Web Call";
			sourceTree = "<group>";
		};
		C02A2B151FAD52CE00D3A9CD /* Elements */ = {
			isa = PBXGroup;
			children = (
				C093434A1FAA1B7A00629A84 /* BlockID.swift */,
				C02A2B131FAD527600D3A9CD /* Block.swift */,
				C0A1FB122001B247004146CE /* BlockAnalyst.swift */,
				C02A2B161FAD539E00D3A9CD /* DaySchedule.swift */,
				C0A1FB192001D705004146CE /* DateSchedule.swift */,
			);
			name = Elements;
			sourceTree = "<group>";
		};
		C02B91C81FB68754004E0D5D /* Prefs */ = {
			isa = PBXGroup;
			children = (
				C0B04F451FD177EC00F5D116 /* MeetingPrefModule.swift */,
			);
			name = Prefs;
			sourceTree = "<group>";
		};
		C02B91C91FB68860004E0D5D /* Elements */ = {
			isa = PBXGroup;
			children = (
				C00232A41FA37E760019D328 /* Course.swift */,
				C00232A61FA37EFC0019D328 /* CourseSchedule.swift */,
			);
			name = Elements;
			sourceTree = "<group>";
		};
		C03636691FACF78F008FC9A9 /* WebCall */ = {
			isa = PBXGroup;
			children = (
				C036366C1FACF864008FC9A9 /* GetScheduleWebCall.swift */,
				C02A2B0C1FAD47E400D3A9CD /* GetPatchWebCall.swift */,
				C0A5F022210B9FBA00606ED3 /* BlockPayload.swift */,
				C0A5F024210BA22200606ED3 /* DayPayload.swift */,
			);
			name = WebCall;
			sourceTree = "<group>";
		};
		C04653C32109368A004AD09C /* Elements */ = {
			isa = PBXGroup;
			children = (
				C0A167AF210E6ADC00DB6BC4 /* Cell */,
				C0FCDBCC210AAC8D0080A883 /* Attachments */,
				C0FCDBC3210978D00080A883 /* SubtitleNavigationItem.swift */,
			);
			name = Elements;
			sourceTree = "<group>";
		};
		C04653C421093696004AD09C /* Block */ = {
			isa = PBXGroup;
			children = (
				C04653C5210936AC004AD09C /* BlockCell.xib */,
				C04653C7210936B9004AD09C /* BlockCell.swift */,
			);
			name = Block;
			sourceTree = "<group>";
		};
		C049269F20009ACA00926082 /* Lists */ = {
			isa = PBXGroup;
			children = (
				C02B91CA1FB6886E004E0D5D /* DayCourseList.swift */,
				C05B7A101FCE0C71007C735C /* BlockCourseList.swift */,
			);
			name = Lists;
			sourceTree = "<group>";
		};
		C04D1EC2210FD7A00001C99C /* Cells */ = {
			isa = PBXGroup;
			children = (
				C04D1EC3210FD7B90001C99C /* LunchItemCell.swift */,
				C04D1EC5210FD7C10001C99C /* LunchItemCell.xib */,
			);
			name = Cells;
			sourceTree = "<group>";
		};
		C04DE4661FAE6C41000D4DA6 /* Elements */ = {
			isa = PBXGroup;
			children = (
				C04DE4641FAE6AF9000D4DA6 /* DailySportsList.swift */,
				C05F5E7F1FAE4ACA00724F42 /* SportMeeting.swift */,
			);
			name = Elements;
			sourceTree = "<group>";
		};
		C04DE4671FAE6D19000D4DA6 /* WebCall */ = {
			isa = PBXGroup;
			children = (
				C04DE4681FAE6DB5000D4DA6 /* GetMeeting */,
			);
			name = WebCall;
			sourceTree = "<group>";
		};
		C04DE4681FAE6DB5000D4DA6 /* GetMeeting */ = {
			isa = PBXGroup;
			children = (
				C04DE46C1FAE6E74000D4DA6 /* GetSportsMeetingResponse.swift */,
				C04DE4691FAE6E09000D4DA6 /* GetSportsMeetingWebCall.swift */,
			);
			name = GetMeeting;
			sourceTree = "<group>";
		};
		C051F1F1210FF81E004C064F /* Modules */ = {
			isa = PBXGroup;
			children = (
				C05BD67B2110E44300B5B399 /* Lunch */,
				C0F02CA32110E11500AE9F91 /* Variation */,
				C051F1F4210FF87F004C064F /* Courses */,
			);
			name = Modules;
			sourceTree = "<group>";
		};
		C051F1F4210FF87F004C064F /* Courses */ = {
			isa = PBXGroup;
			children = (
				C051F1F2210FF841004C064F /* CoursesPrefModule.swift */,
				C051F1F5210FF94C004C064F /* CoursePrefCell.swift */,
				C051F1F7210FF957004C064F /* CoursePrefCell.xib */,
			);
			name = Courses;
			sourceTree = "<group>";
		};
		C05BD67B2110E44300B5B399 /* Lunch */ = {
			isa = PBXGroup;
			children = (
				C05BD67C2110EDA200B5B399 /* LunchPrefsModule.swift */,
				C05BD67E2110EDAF00B5B399 /* LunchPrefsCell.swift */,
				C05BD6802110EDBA00B5B399 /* LunchPrefsCell.xib */,
			);
			name = Lunch;
			sourceTree = "<group>";
		};
		C05F5E831FAE53C700724F42 /* Declarations */ = {
			isa = PBXGroup;
			children = (
				C0C1765A1FAA60C10059E956 /* SportType.swift */,
				C05F5E841FAE542D00724F42 /* SportSeason.swift */,
				C05F5E861FAE54AA00724F42 /* SportTier.swift */,
				C05F5E881FAE561400724F42 /* SportGender.swift */,
			);
			name = Declarations;
			sourceTree = "<group>";
		};
		C05F5E8C1FAE56CF00724F42 /* Team */ = {
			isa = PBXGroup;
			children = (
				C05F5E811FAE51AB00724F42 /* SportTeam.swift */,
				C05F5E8A1FAE56CC00724F42 /* TeamDeclarations.swift */,
			);
			name = Team;
			sourceTree = "<group>";
		};
		C061F8082115F5B700F0374C /* Cells */ = {
			isa = PBXGroup;
			children = (
				C0A1233E2115FF2B00A72CD8 /* Color */,
				C061F8092115F87200F0374C /* Text Association */,
			);
			name = Cells;
			sourceTree = "<group>";
		};
		C061F8092115F87200F0374C /* Text Association */ = {
			isa = PBXGroup;
			children = (
				C061F80A2115F90600F0374C /* SettingsCourseTextCell.swift */,
				C061F80C2115F91600F0374C /* SettingsCourseTextCell.xib */,
			);
			name = "Text Association";
			sourceTree = "<group>";
		};
		C0711AF820DAC2CD009243CC /* Core */ = {
			isa = PBXGroup;
			children = (
				C09B41CE211378AB00D636D7 /* Table */,
				C0C7EA4721135D1200717B53 /* Web Call */,
				C0711AFB20DAC2F9009243CC /* Time */,
			);
			name = Core;
			sourceTree = "<group>";
		};
		C0711AFB20DAC2F9009243CC /* Time */ = {
			isa = PBXGroup;
			children = (
				C0D6E9412107B8AC004BD0F4 /* Date+Core.swift */,
				C0D6E9432107BC7A004BD0F4 /* Calendar+Core.swift */,
				C0711AF920DAC2DB009243CC /* DayOfWeek.swift */,
				C0711B0220DAC3BE009243CC /* TimeDuration.swift */,
			);
			name = Time;
			sourceTree = "<group>";
		};
		C0760221210F89DF00398827 /* No Class */ = {
			isa = PBXGroup;
			children = (
				C0760224210F89FD00398827 /* NoClassCell.xib */,
				C0760226210F8A0800398827 /* NoClassCell.swift */,
			);
			name = "No Class";
			sourceTree = "<group>";
		};
		C076716D211543FF005D6460 /* Settings Course */ = {
			isa = PBXGroup;
			children = (
				C061F8082115F5B700F0374C /* Cells */,
				C06AE4F421154B79003A1EE8 /* SettingsClassController.swift */,
			);
			name = "Settings Course";
			sourceTree = "<group>";
		};
		C079C22F1FACA97D009067DE /* Controllers */ = {
			isa = PBXGroup;
			children = (
				C01539BD2110F57C0059C807 /* Add Course */,
				C006914D210EC5460099CD57 /* Settings */,
				C076716D211543FF005D6460 /* Settings Course */,
				C0CAF2CC210C2230001A69BF /* Lunch */,
				C09BF04E210AE36A0073C217 /* Calendar */,
				C0A3D57D21093555004F5049 /* Day */,
				C0A3D57A21093539004F5049 /* Today */,
			);
			name = Controllers;
			sourceTree = "<group>";
		};
		C081C2E61FE4509F008073F3 /* Lunch */ = {
			isa = PBXGroup;
			children = (
				C01539B92110EE7E0059C807 /* Storage */,
				C081C2EB1FE45111008073F3 /* WebCall */,
				C081C2E71FE450F0008073F3 /* LunchManager.swift */,
				C081C2E91FE45108008073F3 /* LunchMenu.swift */,
			);
			name = Lunch;
			sourceTree = "<group>";
		};
		C081C2EB1FE45111008073F3 /* WebCall */ = {
			isa = PBXGroup;
			children = (
				C081C2EC1FE45120008073F3 /* GetMenuWebCall.swift */,
			);
			name = WebCall;
			sourceTree = "<group>";
		};
		C08FBF99210FB26E005812F1 /* Today Done */ = {
			isa = PBXGroup;
			children = (
				C08FBF9C210FB290005812F1 /* TodayDoneCell.xib */,
				C08FBF9E210FB29C005812F1 /* TodayDoneCell.swift */,
			);
			name = "Today Done";
			sourceTree = "<group>";
		};
		C0929F3E2110C5E8004A373B /* Cells */ = {
			isa = PBXGroup;
			children = (
				C0929F3F2110C5F6004A373B /* Action */,
			);
			name = Cells;
			sourceTree = "<group>";
		};
		C0929F3F2110C5F6004A373B /* Action */ = {
			isa = PBXGroup;
			children = (
				C0929F402110C612004A373B /* PrefsActionCell.swift */,
				C0929F422110C61B004A373B /* PrefsActionCell.xib */,
			);
			name = Action;
			sourceTree = "<group>";
		};
		C09B41CE211378AB00D636D7 /* Table */ = {
			isa = PBXGroup;
			children = (
				C09B41CF211378BD00D636D7 /* TableSection+Core.swift */,
			);
			name = Table;
			sourceTree = "<group>";
		};
		C09BF04E210AE36A0073C217 /* Calendar */ = {
			isa = PBXGroup;
			children = (
				C09BF04F210AE5370073C217 /* CalendarController.swift */,
			);
			name = Calendar;
			sourceTree = "<group>";
		};
		C0A0327D2037A5600046575C /* Registration */ = {
			isa = PBXGroup;
			children = (
				C0A0327E2037A5B20046575C /* RegistrationWebCall.swift */,
			);
			name = Registration;
			sourceTree = "<group>";
		};
		C0A1233E2115FF2B00A72CD8 /* Color */ = {
			isa = PBXGroup;
			children = (
				C0A1233F2115FF4000A72CD8 /* SettingsCourseColorCell.swift */,
				C0A123412115FF4E00A72CD8 /* SettingsCourseColorCell.xib */,
			);
			name = Color;
			sourceTree = "<group>";
		};
		C0A167AF210E6ADC00DB6BC4 /* Cell */ = {
			isa = PBXGroup;
			children = (
				C0C785B1210FDB67003A5EB8 /* Title */,
				C0A167B1210E6F1300DB6BC4 /* Loading */,
				C0A167B0210E6AE300DB6BC4 /* Error */,
			);
			name = Cell;
			sourceTree = "<group>";
		};
		C0A167B0210E6AE300DB6BC4 /* Error */ = {
			isa = PBXGroup;
			children = (
				C0A167A9210E678800DB6BC4 /* ErrorCell.xib */,
				C0A167AB210E679700DB6BC4 /* ErrorCell.swift */,
				C0A167AD210E6AB200DB6BC4 /* ErrorReloadable.swift */,
			);
			name = Error;
			sourceTree = "<group>";
		};
		C0A167B1210E6F1300DB6BC4 /* Loading */ = {
			isa = PBXGroup;
			children = (
				C0A167B2210E6F3300DB6BC4 /* LoadingCell.xib */,
				C0A167B4210E6FB800DB6BC4 /* LoadingCell.swift */,
			);
			name = Loading;
			sourceTree = "<group>";
		};
		C0A1FB142001B329004146CE /* Prefs */ = {
			isa = PBXGroup;
			children = (
				C0A1FB152001B36C004146CE /* ScheduleVariationStorage.swift */,
			);
			name = Prefs;
			sourceTree = "<group>";
		};
		C0A26FBA1FAF74690060DC23 /* Prefs */ = {
			isa = PBXGroup;
			children = (
				C0A26FBB1FAF76620060DC23 /* SportsPrefModule.swift */,
			);
			name = Prefs;
			sourceTree = "<group>";
		};
		C0A3D57A21093539004F5049 /* Today */ = {
			isa = PBXGroup;
			children = (
				C0ACFD1821116799002886A2 /* Cell */,
				C0A3D57B21093545004F5049 /* TodayController.swift */,
			);
			name = Today;
			sourceTree = "<group>";
		};
		C0A3D57D21093555004F5049 /* Day */ = {
			isa = PBXGroup;
			children = (
				C0FCDBC7210A25DA0080A883 /* Cells */,
				C0A3D57E2109355E004F5049 /* DayController.swift */,
				C09BF04C210ADB390073C217 /* CompositeBlock.swift */,
			);
			name = Day;
			sourceTree = "<group>";
		};
		C0ACFD1821116799002886A2 /* Cell */ = {
			isa = PBXGroup;
			children = (
				C0ACFD1921116863002886A2 /* TodayStatusCell.swift */,
				C0ACFD1B2111686D002886A2 /* TodayStatusCell.xib */,
			);
			name = Cell;
			sourceTree = "<group>";
		};
		C0B08EC62115108D00FD7289 /* Schedule */ = {
			isa = PBXGroup;
			children = (
				C0B08EC72115108D00FD7289 /* TodayViewController.swift */,
				C0B08EC92115108D00FD7289 /* MainInterface.storyboard */,
				C0B08ECC2115108D00FD7289 /* Info.plist */,
			);
			path = Schedule;
			sourceTree = "<group>";
		};
		C0C176501FAA31010059E956 /* Sports */ = {
			isa = PBXGroup;
			children = (
				C0A26FBA1FAF74690060DC23 /* Prefs */,
				C04DE4671FAE6D19000D4DA6 /* WebCall */,
				C04DE4661FAE6C41000D4DA6 /* Elements */,
				C05F5E8C1FAE56CF00724F42 /* Team */,
				C05F5E831FAE53C700724F42 /* Declarations */,
				C0C176511FAA39E50059E956 /* SportsManager.swift */,
				C054B7C61FAF65080041BA03 /* SportsMeetingWrapper.swift */,
			);
			name = Sports;
			sourceTree = "<group>";
		};
		C0C776801FACB090003EE125 /* Schedule Core */ = {
			isa = PBXGroup;
			children = (
				C0A1FB142001B329004146CE /* Prefs */,
				C02A2B151FAD52CE00D3A9CD /* Elements */,
				C03636691FACF78F008FC9A9 /* WebCall */,
				C036366A1FACF7EA008FC9A9 /* ScheduleManager.swift */,
			);
			name = "Schedule Core";
			sourceTree = "<group>";
		};
		C0C785B1210FDB67003A5EB8 /* Title */ = {
			isa = PBXGroup;
			children = (
				C0C785B2210FDB88003A5EB8 /* TitleCell.xib */,
				C0C785B4210FDB8E003A5EB8 /* TitleCell.swift */,
			);
			name = Title;
			sourceTree = "<group>";
		};
		C0C7EA4721135D1200717B53 /* Web Call */ = {
			isa = PBXGroup;
			children = (
				C0C7EA4821135D2400717B53 /* KnightlifePayload.swift */,
			);
			name = "Web Call";
			sourceTree = "<group>";
		};
		C0CAF2CC210C2230001A69BF /* Lunch */ = {
			isa = PBXGroup;
			children = (
				C04D1EC2210FD7A00001C99C /* Cells */,
				C0CAF2CD210C223C001A69BF /* LunchController.swift */,
			);
			name = Lunch;
			sourceTree = "<group>";
		};
		C0CB9C0D1FE4610C00437C5D /* Components */ = {
			isa = PBXGroup;
			children = (
				C0DF4EFD210CEAC9002A433C /* Bundled */,
				C01573BA20C462DC008CACA5 /* Today */,
				C0A0327D2037A5600046575C /* Registration */,
				C0C776801FACB090003EE125 /* Schedule Core */,
				C0CB9C0E1FE4619A00437C5D /* Events */,
				C081C2E61FE4509F008073F3 /* Lunch */,
				C002329C1FA37D700019D328 /* Courses */,
				C0C176501FAA31010059E956 /* Sports */,
			);
			name = Components;
			sourceTree = "<group>";
		};
		C0CB9C0E1FE4619A00437C5D /* Events */ = {
			isa = PBXGroup;
			children = (
				C0CB9C1E1FE4695800437C5D /* Elements */,
				C0CB9C161FE467FE00437C5D /* WebCall */,
				C0CB9C0F1FE4634000437C5D /* EventManager.swift */,
			);
			name = Events;
			sourceTree = "<group>";
		};
		C0CB9C161FE467FE00437C5D /* WebCall */ = {
			isa = PBXGroup;
			children = (
				C0CB9C181FE468F500437C5D /* GetEventsWebCall.swift */,
			);
			name = WebCall;
			sourceTree = "<group>";
		};
		C0CB9C1E1FE4695800437C5D /* Elements */ = {
			isa = PBXGroup;
			children = (
				C0CB9C121FE464D900437C5D /* Event.swift */,
				C0CB9C141FE4668B00437C5D /* EventAudience.swift */,
				C0CB9C1F1FE4698000437C5D /* EventList.swift */,
			);
			name = Elements;
			sourceTree = "<group>";
		};
		C0DF4EFD210CEAC9002A433C /* Bundled */ = {
			isa = PBXGroup;
			children = (
				C0DF4EFE210CEAD7002A433C /* DayBundleManager.swift */,
				C0DF4F03210CEB26002A433C /* DayBundle.swift */,
			);
			name = Bundled;
			sourceTree = "<group>";
		};
		C0F02CA32110E11500AE9F91 /* Variation */ = {
			isa = PBXGroup;
			children = (
				C0F02CA42110E12B00AE9F91 /* VariationPrefCell.swift */,
				C0F02CA62110E13400AE9F91 /* VariationPrefCell.xib */,
				C05BD6792110E2E500B5B399 /* VariationPrefsModule.swift */,
			);
			name = Variation;
			sourceTree = "<group>";
		};
		C0FCDBC7210A25DA0080A883 /* Cells */ = {
			isa = PBXGroup;
			children = (
				C08FBF99210FB26E005812F1 /* Today Done */,
				C0760221210F89DF00398827 /* No Class */,
				C04653C421093696004AD09C /* Block */,
				C0FCDBC8210A86000080A883 /* BlockListModule.swift */,
			);
			name = Cells;
			sourceTree = "<group>";
		};
		C0FCDBCC210AAC8D0080A883 /* Attachments */ = {
			isa = PBXGroup;
			children = (
				C0FCDBCA210A964A0080A883 /* AttachmentView.swift */,
				C0FCDBCD210AAC980080A883 /* LunchAttachmentView.swift */,
				C0FCDBCF210AB5F60080A883 /* EventAttachmentView.swift */,
				C0C785AF210FD980003A5EB8 /* LunchItemAttachmentView.swift */,
			);
			name = Attachments;
			sourceTree = "<group>";
		};
/* End PBXGroup section */

/* Begin PBXNativeTarget section */
		5BD285D61B03CF29007A0472 /* Glancer */ = {
			isa = PBXNativeTarget;
			buildConfigurationList = 5BD285F61B03CF29007A0472 /* Build configuration list for PBXNativeTarget "Glancer" */;
			buildPhases = (
				E7E04574702B105552F1EBF5 /* [CP] Check Pods Manifest.lock */,
				5BD285D31B03CF29007A0472 /* Sources */,
				5BD285D41B03CF29007A0472 /* Frameworks */,
				5BD285D51B03CF29007A0472 /* Resources */,
				5BC261901B0EA7D700AEBAC1 /* Embed App Extensions */,
				6B17BF2687B8685DDBF08795 /* [CP] Embed Pods Frameworks */,
			);
			buildRules = (
			);
			dependencies = (
				C0B08ECE2115108D00FD7289 /* PBXTargetDependency */,
			);
			name = Glancer;
			productName = Glancer;
			productReference = 5BD285D71B03CF29007A0472 /* Glancer.app */;
			productType = "com.apple.product-type.application";
		};
		C0B08EC22115108D00FD7289 /* Schedule */ = {
			isa = PBXNativeTarget;
			buildConfigurationList = C0B08ED22115108D00FD7289 /* Build configuration list for PBXNativeTarget "Schedule" */;
			buildPhases = (
				C0B08EBF2115108D00FD7289 /* Sources */,
				C0B08EC02115108D00FD7289 /* Frameworks */,
				C0B08EC12115108D00FD7289 /* Resources */,
			);
			buildRules = (
			);
			dependencies = (
			);
			name = Schedule;
			productName = Schedule;
			productReference = C0B08EC32115108D00FD7289 /* Schedule.appex */;
			productType = "com.apple.product-type.app-extension";
		};
/* End PBXNativeTarget section */

/* Begin PBXProject section */
		5BD285CF1B03CF29007A0472 /* Project object */ = {
			isa = PBXProject;
			attributes = {
				LastSwiftMigration = 0700;
				LastSwiftUpdateCheck = 1000;
				LastUpgradeCheck = 0930;
				ORGANIZATIONNAME = "Dylan Hanson";
				TargetAttributes = {
					5BD285D61B03CF29007A0472 = {
						CreatedOnToolsVersion = 6.3.1;
						DevelopmentTeam = P57BN8GJ33;
						LastSwiftMigration = 0900;
						ProvisioningStyle = Automatic;
						SystemCapabilities = {
							com.apple.ApplicationGroups.iOS = {
								enabled = 1;
							};
							com.apple.BackgroundModes = {
								enabled = 1;
							};
							com.apple.InAppPurchase = {
								enabled = 0;
							};
							com.apple.Push = {
								enabled = 1;
							};
						};
					};
					C0B08EC22115108D00FD7289 = {
						CreatedOnToolsVersion = 10.0;
						DevelopmentTeam = P57BN8GJ33;
						ProvisioningStyle = Automatic;
					};
				};
			};
			buildConfigurationList = 5BD285D21B03CF29007A0472 /* Build configuration list for PBXProject "Glancer" */;
			compatibilityVersion = "Xcode 3.2";
			developmentRegion = English;
			hasScannedForEncodings = 0;
			knownRegions = (
				en,
				Base,
			);
			mainGroup = 5BD285CE1B03CF29007A0472;
			productRefGroup = 5BD285D81B03CF29007A0472 /* Products */;
			projectDirPath = "";
			projectRoot = "";
			targets = (
				5BD285D61B03CF29007A0472 /* Glancer */,
				C0B08EC22115108D00FD7289 /* Schedule */,
			);
		};
/* End PBXProject section */

/* Begin PBXResourcesBuildPhase section */
		5BD285D51B03CF29007A0472 /* Resources */ = {
			isa = PBXResourcesBuildPhase;
			buildActionMask = 2147483647;
			files = (
				5BD072481C74AEB40074B56D /* Main.storyboard in Resources */,
				C051F1F8210FF957004C064F /* CoursePrefCell.xib in Resources */,
				C061F80D2115F91700F0374C /* SettingsCourseTextCell.xib in Resources */,
				C08FBF9D210FB290005812F1 /* TodayDoneCell.xib in Resources */,
				C05BD6812110EDBA00B5B399 /* LunchPrefsCell.xib in Resources */,
				C0A123422115FF4E00A72CD8 /* SettingsCourseColorCell.xib in Resources */,
				C0A167AA210E678800DB6BC4 /* ErrorCell.xib in Resources */,
				C0A167B3210E6F3300DB6BC4 /* LoadingCell.xib in Resources */,
				C0C785B3210FDB88003A5EB8 /* TitleCell.xib in Resources */,
				C04653C6210936AC004AD09C /* BlockCell.xib in Resources */,
				C0760225210F89FD00398827 /* NoClassCell.xib in Resources */,
				5BD285E41B03CF29007A0472 /* Images.xcassets in Resources */,
				C019C1611F7D3CED00FC4EED /* Launch.storyboard in Resources */,
				C0929F432110C61B004A373B /* PrefsActionCell.xib in Resources */,
				C0F02CA72110E13400AE9F91 /* VariationPrefCell.xib in Resources */,
				C04D1EC6210FD7C10001C99C /* LunchItemCell.xib in Resources */,
				C0ACFD1C2111686D002886A2 /* TodayStatusCell.xib in Resources */,
			);
			runOnlyForDeploymentPostprocessing = 0;
		};
		C0B08EC12115108D00FD7289 /* Resources */ = {
			isa = PBXResourcesBuildPhase;
			buildActionMask = 2147483647;
			files = (
				C0B08ECB2115108D00FD7289 /* MainInterface.storyboard in Resources */,
			);
			runOnlyForDeploymentPostprocessing = 0;
		};
/* End PBXResourcesBuildPhase section */

/* Begin PBXShellScriptBuildPhase section */
		6B17BF2687B8685DDBF08795 /* [CP] Embed Pods Frameworks */ = {
			isa = PBXShellScriptBuildPhase;
			buildActionMask = 2147483647;
			files = (
			);
			inputPaths = (
				"${SRCROOT}/Pods/Target Support Files/Pods-Glancer/Pods-Glancer-frameworks.sh",
				"${BUILT_PRODUCTS_DIR}/AddictiveLib/AddictiveLib.framework",
				"${BUILT_PRODUCTS_DIR}/Alamofire/Alamofire.framework",
				"${BUILT_PRODUCTS_DIR}/Color-Picker-for-iOS/Color_Picker_for_iOS.framework",
				"${BUILT_PRODUCTS_DIR}/FSCalendar/FSCalendar.framework",
				"${BUILT_PRODUCTS_DIR}/Hero/Hero.framework",
				"${BUILT_PRODUCTS_DIR}/Presentr/Presentr.framework",
				"${BUILT_PRODUCTS_DIR}/SnapKit/SnapKit.framework",
				"${BUILT_PRODUCTS_DIR}/Unbox/Unbox.framework",
				"${BUILT_PRODUCTS_DIR}/UnboxedAlamofire/UnboxedAlamofire.framework",
			);
			name = "[CP] Embed Pods Frameworks";
			outputPaths = (
				"${TARGET_BUILD_DIR}/${FRAMEWORKS_FOLDER_PATH}/AddictiveLib.framework",
				"${TARGET_BUILD_DIR}/${FRAMEWORKS_FOLDER_PATH}/Alamofire.framework",
				"${TARGET_BUILD_DIR}/${FRAMEWORKS_FOLDER_PATH}/Color_Picker_for_iOS.framework",
				"${TARGET_BUILD_DIR}/${FRAMEWORKS_FOLDER_PATH}/FSCalendar.framework",
				"${TARGET_BUILD_DIR}/${FRAMEWORKS_FOLDER_PATH}/Hero.framework",
				"${TARGET_BUILD_DIR}/${FRAMEWORKS_FOLDER_PATH}/Presentr.framework",
				"${TARGET_BUILD_DIR}/${FRAMEWORKS_FOLDER_PATH}/SnapKit.framework",
				"${TARGET_BUILD_DIR}/${FRAMEWORKS_FOLDER_PATH}/Unbox.framework",
				"${TARGET_BUILD_DIR}/${FRAMEWORKS_FOLDER_PATH}/UnboxedAlamofire.framework",
			);
			runOnlyForDeploymentPostprocessing = 0;
			shellPath = /bin/sh;
			shellScript = "\"${SRCROOT}/Pods/Target Support Files/Pods-Glancer/Pods-Glancer-frameworks.sh\"\n";
			showEnvVarsInLog = 0;
		};
		E7E04574702B105552F1EBF5 /* [CP] Check Pods Manifest.lock */ = {
			isa = PBXShellScriptBuildPhase;
			buildActionMask = 2147483647;
			files = (
			);
			inputPaths = (
				"${PODS_PODFILE_DIR_PATH}/Podfile.lock",
				"${PODS_ROOT}/Manifest.lock",
			);
			name = "[CP] Check Pods Manifest.lock";
			outputPaths = (
				"$(DERIVED_FILE_DIR)/Pods-Glancer-checkManifestLockResult.txt",
			);
			runOnlyForDeploymentPostprocessing = 0;
			shellPath = /bin/sh;
			shellScript = "diff \"${PODS_PODFILE_DIR_PATH}/Podfile.lock\" \"${PODS_ROOT}/Manifest.lock\" > /dev/null\nif [ $? != 0 ] ; then\n    # print error to STDERR\n    echo \"error: The sandbox is not in sync with the Podfile.lock. Run 'pod install' or update your CocoaPods installation.\" >&2\n    exit 1\nfi\n# This output is used by Xcode 'outputs' to avoid re-running this script phase.\necho \"SUCCESS\" > \"${SCRIPT_OUTPUT_FILE_0}\"\n";
			showEnvVarsInLog = 0;
		};
/* End PBXShellScriptBuildPhase section */

/* Begin PBXSourcesBuildPhase section */
		5BD285D31B03CF29007A0472 /* Sources */ = {
			isa = PBXSourcesBuildPhase;
			buildActionMask = 2147483647;
			files = (
				C01539BB2110EE890059C807 /* ShowAllergyStorage.swift in Sources */,
				C02B91CB1FB6886E004E0D5D /* DayCourseList.swift in Sources */,
				C051F1F3210FF841004C064F /* CoursesPrefModule.swift in Sources */,
				C09BF050210AE5370073C217 /* CalendarController.swift in Sources */,
				C0A0327F2037A5B20046575C /* RegistrationWebCall.swift in Sources */,
				C0C1765B1FAA60C10059E956 /* SportType.swift in Sources */,
				C05F5E871FAE54AA00724F42 /* SportTier.swift in Sources */,
				C00232A71FA37EFC0019D328 /* CourseSchedule.swift in Sources */,
				C01F2D0E21138EBE00E461FA /* NextSchooldayWebCall.swift in Sources */,
				C09BF04D210ADB390073C217 /* CompositeBlock.swift in Sources */,
				C0A3D57C21093545004F5049 /* TodayController.swift in Sources */,
				C05BD67D2110EDA200B5B399 /* LunchPrefsModule.swift in Sources */,
				C0C785B5210FDB8E003A5EB8 /* TitleCell.swift in Sources */,
				C05F5E821FAE51AB00724F42 /* SportTeam.swift in Sources */,
				C0CB9C201FE4698000437C5D /* EventList.swift in Sources */,
				C0D2110D2069463200D5D2B2 /* CourseManager.swift in Sources */,
				C0A5F025210BA22200606ED3 /* DayPayload.swift in Sources */,
				C0DF4EFF210CEAD7002A433C /* DayBundleManager.swift in Sources */,
				C0FCDBCE210AAC980080A883 /* LunchAttachmentView.swift in Sources */,
				C0B56A292110F8F3000A8C3F /* AddCourseController.swift in Sources */,
				C02A2B171FAD539E00D3A9CD /* DaySchedule.swift in Sources */,
				C0CAF2CE210C223C001A69BF /* LunchController.swift in Sources */,
				C0C176591FAA5F450059E956 /* Scheme.swift in Sources */,
				C0FCDBCB210A964A0080A883 /* AttachmentView.swift in Sources */,
				C09B41D0211378BD00D636D7 /* TableSection+Core.swift in Sources */,
				C0711B0320DAC3BE009243CC /* TimeDuration.swift in Sources */,
				5BD285DD1B03CF29007A0472 /* AppDelegate.swift in Sources */,
				C0C176521FAA39E50059E956 /* SportsManager.swift in Sources */,
				C081C2E81FE450F0008073F3 /* LunchManager.swift in Sources */,
				C05BD67A2110E2E500B5B399 /* VariationPrefsModule.swift in Sources */,
				C061F80B2115F90600F0374C /* SettingsCourseTextCell.swift in Sources */,
				C0A167AE210E6AB200DB6BC4 /* ErrorReloadable.swift in Sources */,
				C04DE46D1FAE6E74000D4DA6 /* GetSportsMeetingResponse.swift in Sources */,
				C0A167AC210E679700DB6BC4 /* ErrorCell.swift in Sources */,
				C036366B1FACF7EA008FC9A9 /* ScheduleManager.swift in Sources */,
				C0FCDBC4210978D00080A883 /* SubtitleNavigationItem.swift in Sources */,
				C0A1FB132001B247004146CE /* BlockAnalyst.swift in Sources */,
				C0760227210F8A0800398827 /* NoClassCell.swift in Sources */,
				C05B7A111FCE0C71007C735C /* BlockCourseList.swift in Sources */,
				C04653C8210936B9004AD09C /* BlockCell.swift in Sources */,
				C05F5E891FAE561400724F42 /* SportGender.swift in Sources */,
				C0A1FB1A2001D705004146CE /* DateSchedule.swift in Sources */,
				C0C7EA4921135D2400717B53 /* KnightlifePayload.swift in Sources */,
				C0CB9C151FE4668B00437C5D /* EventAudience.swift in Sources */,
				C0DF4F04210CEB26002A433C /* DayBundle.swift in Sources */,
				C02A2B141FAD527600D3A9CD /* Block.swift in Sources */,
				C0B04F461FD177EC00F5D116 /* MeetingPrefModule.swift in Sources */,
				C0A123402115FF4000A72CD8 /* SettingsCourseColorCell.swift in Sources */,
				C054B7C71FAF65080041BA03 /* SportsMeetingWrapper.swift in Sources */,
				C05F5E801FAE4ACA00724F42 /* SportMeeting.swift in Sources */,
				C0A5F023210B9FBA00606ED3 /* BlockPayload.swift in Sources */,
				C00232A51FA37E760019D328 /* Course.swift in Sources */,
				C051F1F6210FF94C004C064F /* CoursePrefCell.swift in Sources */,
				C0CB9C131FE464D900437C5D /* Event.swift in Sources */,
				C0A26FBC1FAF76620060DC23 /* SportsPrefModule.swift in Sources */,
				C04DE46A1FAE6E09000D4DA6 /* GetSportsMeetingWebCall.swift in Sources */,
				C08FBF9F210FB29C005812F1 /* TodayDoneCell.swift in Sources */,
				C081C2EA1FE45108008073F3 /* LunchMenu.swift in Sources */,
				C093434B1FAA1B7A00629A84 /* BlockID.swift in Sources */,
				C036366D1FACF864008FC9A9 /* GetScheduleWebCall.swift in Sources */,
				C0D6E9442107BC7A004BD0F4 /* Calendar+Core.swift in Sources */,
				C01573BC20C462ED008CACA5 /* TodayManager.swift in Sources */,
				C0FCDBC9210A86000080A883 /* BlockListModule.swift in Sources */,
				C0929F412110C612004A373B /* PrefsActionCell.swift in Sources */,
				C0A3D57F2109355E004F5049 /* DayController.swift in Sources */,
				C02A2B0D1FAD47E400D3A9CD /* GetPatchWebCall.swift in Sources */,
				C05BD67F2110EDAF00B5B399 /* LunchPrefsCell.swift in Sources */,
				C0FCDBD0210AB5F60080A883 /* EventAttachmentView.swift in Sources */,
				C0A1FB162001B36C004146CE /* ScheduleVariationStorage.swift in Sources */,
				C05F5E851FAE542D00724F42 /* SportSeason.swift in Sources */,
				C04D1EC4210FD7B90001C99C /* LunchItemCell.swift in Sources */,
				C0F02CA52110E12B00AE9F91 /* VariationPrefCell.swift in Sources */,
				C0CB9C191FE468F500437C5D /* GetEventsWebCall.swift in Sources */,
				C081C2ED1FE45120008073F3 /* GetMenuWebCall.swift in Sources */,
				C0CB9C101FE4634000437C5D /* EventManager.swift in Sources */,
				C0ACFD1A21116863002886A2 /* TodayStatusCell.swift in Sources */,
				C0A167B5210E6FB800DB6BC4 /* LoadingCell.swift in Sources */,
				C006914F210EC55C0099CD57 /* SettingsController.swift in Sources */,
				C0D6E9422107B8AC004BD0F4 /* Date+Core.swift in Sources */,
				C0C785B0210FD980003A5EB8 /* LunchItemAttachmentView.swift in Sources */,
				C0711AFA20DAC2DB009243CC /* DayOfWeek.swift in Sources */,
				C05F5E8B1FAE56CC00724F42 /* TeamDeclarations.swift in Sources */,
				C04DE4651FAE6AF9000D4DA6 /* DailySportsList.swift in Sources */,
				C06AE4F521154B79003A1EE8 /* SettingsClassController.swift in Sources */,
				C0707FC01F69753100C7D2ED /* Storage.swift in Sources */,
			);
			runOnlyForDeploymentPostprocessing = 0;
		};
		C0B08EBF2115108D00FD7289 /* Sources */ = {
			isa = PBXSourcesBuildPhase;
			buildActionMask = 2147483647;
			files = (
				C0B08EC82115108D00FD7289 /* TodayViewController.swift in Sources */,
			);
			runOnlyForDeploymentPostprocessing = 0;
		};
/* End PBXSourcesBuildPhase section */

/* Begin PBXTargetDependency section */
		C0B08ECE2115108D00FD7289 /* PBXTargetDependency */ = {
			isa = PBXTargetDependency;
			target = C0B08EC22115108D00FD7289 /* Schedule */;
			targetProxy = C0B08ECD2115108D00FD7289 /* PBXContainerItemProxy */;
		};
/* End PBXTargetDependency section */

/* Begin PBXVariantGroup section */
		C0B08EC92115108D00FD7289 /* MainInterface.storyboard */ = {
			isa = PBXVariantGroup;
			children = (
				C0B08ECA2115108D00FD7289 /* Base */,
			);
			name = MainInterface.storyboard;
			sourceTree = "<group>";
		};
/* End PBXVariantGroup section */

/* Begin XCBuildConfiguration section */
		5BD285F41B03CF29007A0472 /* Debug */ = {
			isa = XCBuildConfiguration;
			buildSettings = {
				ALWAYS_SEARCH_USER_PATHS = NO;
				CLANG_CXX_LANGUAGE_STANDARD = "gnu++0x";
				CLANG_CXX_LIBRARY = "libc++";
				CLANG_ENABLE_MODULES = YES;
				CLANG_ENABLE_OBJC_ARC = YES;
				CLANG_WARN_BLOCK_CAPTURE_AUTORELEASING = YES;
				CLANG_WARN_BOOL_CONVERSION = YES;
				CLANG_WARN_COMMA = YES;
				CLANG_WARN_CONSTANT_CONVERSION = YES;
				CLANG_WARN_DEPRECATED_OBJC_IMPLEMENTATIONS = YES;
				CLANG_WARN_DIRECT_OBJC_ISA_USAGE = YES_ERROR;
				CLANG_WARN_EMPTY_BODY = YES;
				CLANG_WARN_ENUM_CONVERSION = YES;
				CLANG_WARN_INFINITE_RECURSION = YES;
				CLANG_WARN_INT_CONVERSION = YES;
				CLANG_WARN_NON_LITERAL_NULL_CONVERSION = YES;
				CLANG_WARN_OBJC_IMPLICIT_RETAIN_SELF = YES;
				CLANG_WARN_OBJC_LITERAL_CONVERSION = YES;
				CLANG_WARN_OBJC_ROOT_CLASS = YES_ERROR;
				CLANG_WARN_RANGE_LOOP_ANALYSIS = YES;
				CLANG_WARN_STRICT_PROTOTYPES = YES;
				CLANG_WARN_SUSPICIOUS_MOVE = YES;
				CLANG_WARN_UNREACHABLE_CODE = YES;
				CLANG_WARN__DUPLICATE_METHOD_MATCH = YES;
				CODE_SIGN_IDENTITY = "iPhone Distribution: Demetri Orlando (P57BN8GJ33)";
				"CODE_SIGN_IDENTITY[sdk=iphoneos*]" = "iPhone Distribution: Demetri Orlando (P57BN8GJ33)";
				COPY_PHASE_STRIP = NO;
				DEBUG_INFORMATION_FORMAT = "dwarf-with-dsym";
				ENABLE_STRICT_OBJC_MSGSEND = YES;
				ENABLE_TESTABILITY = YES;
				GCC_C_LANGUAGE_STANDARD = gnu99;
				GCC_DYNAMIC_NO_PIC = NO;
				GCC_NO_COMMON_BLOCKS = YES;
				GCC_OPTIMIZATION_LEVEL = 0;
				GCC_PREPROCESSOR_DEFINITIONS = (
					"DEBUG=1",
					"$(inherited)",
				);
				GCC_SYMBOLS_PRIVATE_EXTERN = NO;
				GCC_WARN_64_TO_32_BIT_CONVERSION = YES;
				GCC_WARN_ABOUT_RETURN_TYPE = YES_ERROR;
				GCC_WARN_UNDECLARED_SELECTOR = YES;
				GCC_WARN_UNINITIALIZED_AUTOS = YES_AGGRESSIVE;
				GCC_WARN_UNUSED_FUNCTION = YES;
				GCC_WARN_UNUSED_VARIABLE = YES;
				IPHONEOS_DEPLOYMENT_TARGET = 11.0;
				MTL_ENABLE_DEBUG_INFO = YES;
				ONLY_ACTIVE_ARCH = YES;
				PROVISIONING_PROFILE = "";
				SDKROOT = iphoneos;
				SWIFT_OPTIMIZATION_LEVEL = "-Onone";
				SWIFT_VERSION = 4.0;
				TARGETED_DEVICE_FAMILY = 1;
			};
			name = Debug;
		};
		5BD285F51B03CF29007A0472 /* Release */ = {
			isa = XCBuildConfiguration;
			buildSettings = {
				ALWAYS_SEARCH_USER_PATHS = NO;
				CLANG_CXX_LANGUAGE_STANDARD = "gnu++0x";
				CLANG_CXX_LIBRARY = "libc++";
				CLANG_ENABLE_MODULES = YES;
				CLANG_ENABLE_OBJC_ARC = YES;
				CLANG_WARN_BLOCK_CAPTURE_AUTORELEASING = YES;
				CLANG_WARN_BOOL_CONVERSION = YES;
				CLANG_WARN_COMMA = YES;
				CLANG_WARN_CONSTANT_CONVERSION = YES;
				CLANG_WARN_DEPRECATED_OBJC_IMPLEMENTATIONS = YES;
				CLANG_WARN_DIRECT_OBJC_ISA_USAGE = YES_ERROR;
				CLANG_WARN_EMPTY_BODY = YES;
				CLANG_WARN_ENUM_CONVERSION = YES;
				CLANG_WARN_INFINITE_RECURSION = YES;
				CLANG_WARN_INT_CONVERSION = YES;
				CLANG_WARN_NON_LITERAL_NULL_CONVERSION = YES;
				CLANG_WARN_OBJC_IMPLICIT_RETAIN_SELF = YES;
				CLANG_WARN_OBJC_LITERAL_CONVERSION = YES;
				CLANG_WARN_OBJC_ROOT_CLASS = YES_ERROR;
				CLANG_WARN_RANGE_LOOP_ANALYSIS = YES;
				CLANG_WARN_STRICT_PROTOTYPES = YES;
				CLANG_WARN_SUSPICIOUS_MOVE = YES;
				CLANG_WARN_UNREACHABLE_CODE = YES;
				CLANG_WARN__DUPLICATE_METHOD_MATCH = YES;
				CODE_SIGN_IDENTITY = "iPhone Distribution: Demetri Orlando (P57BN8GJ33)";
				"CODE_SIGN_IDENTITY[sdk=iphoneos*]" = "iPhone Distribution: Demetri Orlando (P57BN8GJ33)";
				COPY_PHASE_STRIP = NO;
				DEBUG_INFORMATION_FORMAT = "dwarf-with-dsym";
				ENABLE_NS_ASSERTIONS = NO;
				ENABLE_STRICT_OBJC_MSGSEND = YES;
				GCC_C_LANGUAGE_STANDARD = gnu99;
				GCC_NO_COMMON_BLOCKS = YES;
				GCC_WARN_64_TO_32_BIT_CONVERSION = YES;
				GCC_WARN_ABOUT_RETURN_TYPE = YES_ERROR;
				GCC_WARN_UNDECLARED_SELECTOR = YES;
				GCC_WARN_UNINITIALIZED_AUTOS = YES_AGGRESSIVE;
				GCC_WARN_UNUSED_FUNCTION = YES;
				GCC_WARN_UNUSED_VARIABLE = YES;
				IPHONEOS_DEPLOYMENT_TARGET = 11.0;
				MTL_ENABLE_DEBUG_INFO = NO;
				PROVISIONING_PROFILE = "";
				SDKROOT = iphoneos;
				SWIFT_OPTIMIZATION_LEVEL = "-Owholemodule";
				SWIFT_VERSION = 4.0;
				TARGETED_DEVICE_FAMILY = 1;
				VALIDATE_PRODUCT = YES;
			};
			name = Release;
		};
		5BD285F71B03CF29007A0472 /* Debug */ = {
			isa = XCBuildConfiguration;
			baseConfigurationReference = 58A653CB12ADDA255E5BD3BC /* Pods-Glancer.debug.xcconfig */;
			buildSettings = {
				ALWAYS_EMBED_SWIFT_STANDARD_LIBRARIES = YES;
				ASSETCATALOG_COMPILER_APPICON_NAME = AppIcon;
				ASSETCATALOG_COMPILER_LAUNCHIMAGE_NAME = "Brand Assets";
				CLANG_ENABLE_MODULES = YES;
				CODE_SIGN_ENTITLEMENTS = Glancer/Glancer.entitlements;
				CODE_SIGN_IDENTITY = "iPhone Developer";
				"CODE_SIGN_IDENTITY[sdk=iphoneos*]" = "iPhone Developer";
				DEVELOPMENT_TEAM = P57BN8GJ33;
				EMBED_ASSET_PACKS_IN_PRODUCT_BUNDLE = NO;
				FRAMEWORK_SEARCH_PATHS = (
					"$(inherited)",
					"$(DEVELOPER_FRAMEWORKS_DIR)",
				);
				INFOPLIST_FILE = Glancer/Info.plist;
				IPHONEOS_DEPLOYMENT_TARGET = 11.0;
				LD_RUNPATH_SEARCH_PATHS = "$(inherited) @executable_path/Frameworks";
				LIBRARY_SEARCH_PATHS = (
					"$(inherited)",
					"$(SDKROOT)/usr/lib/system",
					"$(SDKROOT)/usr/lib/system/introspection",
				);
				PRODUCT_BUNDLE_IDENTIFIER = MAD.BBN.KnightLife;
				PRODUCT_NAME = "$(TARGET_NAME)";
				PROVISIONING_PROFILE = "";
				PROVISIONING_PROFILE_SPECIFIER = "";
				SWIFT_OPTIMIZATION_LEVEL = "-Onone";
				SWIFT_SWIFT3_OBJC_INFERENCE = On;
				SWIFT_VERSION = 4.0;
			};
			name = Debug;
		};
		5BD285F81B03CF29007A0472 /* Release */ = {
			isa = XCBuildConfiguration;
			baseConfigurationReference = 9466F2152BC50BA15580FF7E /* Pods-Glancer.release.xcconfig */;
			buildSettings = {
				ALWAYS_EMBED_SWIFT_STANDARD_LIBRARIES = YES;
				ASSETCATALOG_COMPILER_APPICON_NAME = AppIcon;
				ASSETCATALOG_COMPILER_LAUNCHIMAGE_NAME = "Brand Assets";
				CLANG_ENABLE_MODULES = YES;
				CODE_SIGN_ENTITLEMENTS = Glancer/Glancer.entitlements;
				CODE_SIGN_IDENTITY = "iPhone Developer";
				"CODE_SIGN_IDENTITY[sdk=iphoneos*]" = "iPhone Developer";
				DEVELOPMENT_TEAM = P57BN8GJ33;
				EMBED_ASSET_PACKS_IN_PRODUCT_BUNDLE = NO;
				FRAMEWORK_SEARCH_PATHS = (
					"$(inherited)",
					"$(DEVELOPER_FRAMEWORKS_DIR)",
				);
				INFOPLIST_FILE = Glancer/Info.plist;
				IPHONEOS_DEPLOYMENT_TARGET = 11.0;
				LD_RUNPATH_SEARCH_PATHS = "$(inherited) @executable_path/Frameworks";
				LIBRARY_SEARCH_PATHS = (
					"$(inherited)",
					"$(SDKROOT)/usr/lib/system",
					"$(SDKROOT)/usr/lib/system/introspection",
				);
				PRODUCT_BUNDLE_IDENTIFIER = MAD.BBN.KnightLife;
				PRODUCT_NAME = "$(TARGET_NAME)";
				SWIFT_SWIFT3_OBJC_INFERENCE = On;
				SWIFT_VERSION = 4.0;
			};
			name = Release;
		};
		C0B08ED02115108D00FD7289 /* Debug */ = {
			isa = XCBuildConfiguration;
			buildSettings = {
				CLANG_ANALYZER_NONNULL = YES;
				CLANG_ANALYZER_NUMBER_OBJECT_CONVERSION = YES_AGGRESSIVE;
				CLANG_CXX_LANGUAGE_STANDARD = "gnu++14";
				CLANG_ENABLE_OBJC_WEAK = YES;
				CLANG_WARN_DOCUMENTATION_COMMENTS = YES;
				CLANG_WARN_UNGUARDED_AVAILABILITY = YES_AGGRESSIVE;
				CODE_SIGN_IDENTITY = "iPhone Developer";
				"CODE_SIGN_IDENTITY[sdk=iphoneos*]" = "iPhone Developer";
				CODE_SIGN_STYLE = Automatic;
				DEBUG_INFORMATION_FORMAT = dwarf;
				DEVELOPMENT_TEAM = P57BN8GJ33;
				GCC_C_LANGUAGE_STANDARD = gnu11;
				INFOPLIST_FILE = Schedule/Info.plist;
				IPHONEOS_DEPLOYMENT_TARGET = 12.0;
				LD_RUNPATH_SEARCH_PATHS = "$(inherited) @executable_path/Frameworks @executable_path/../../Frameworks";
				MTL_ENABLE_DEBUG_INFO = INCLUDE_SOURCE;
				MTL_FAST_MATH = YES;
				PRODUCT_BUNDLE_IDENTIFIER = MAD.BBN.KnightLife.Schedule;
				PRODUCT_NAME = "$(TARGET_NAME)";
				SKIP_INSTALL = YES;
				SWIFT_ACTIVE_COMPILATION_CONDITIONS = DEBUG;
				SWIFT_VERSION = 4.2;
				TARGETED_DEVICE_FAMILY = "1,2";
			};
			name = Debug;
		};
		C0B08ED12115108D00FD7289 /* Release */ = {
			isa = XCBuildConfiguration;
			buildSettings = {
				CLANG_ANALYZER_NONNULL = YES;
				CLANG_ANALYZER_NUMBER_OBJECT_CONVERSION = YES_AGGRESSIVE;
				CLANG_CXX_LANGUAGE_STANDARD = "gnu++14";
				CLANG_ENABLE_OBJC_WEAK = YES;
				CLANG_WARN_DOCUMENTATION_COMMENTS = YES;
				CLANG_WARN_UNGUARDED_AVAILABILITY = YES_AGGRESSIVE;
				CODE_SIGN_IDENTITY = "iPhone Developer";
				"CODE_SIGN_IDENTITY[sdk=iphoneos*]" = "iPhone Developer";
				CODE_SIGN_STYLE = Automatic;
				DEVELOPMENT_TEAM = P57BN8GJ33;
				GCC_C_LANGUAGE_STANDARD = gnu11;
				INFOPLIST_FILE = Schedule/Info.plist;
				IPHONEOS_DEPLOYMENT_TARGET = 12.0;
				LD_RUNPATH_SEARCH_PATHS = "$(inherited) @executable_path/Frameworks @executable_path/../../Frameworks";
				MTL_FAST_MATH = YES;
				PRODUCT_BUNDLE_IDENTIFIER = MAD.BBN.KnightLife.Schedule;
				PRODUCT_NAME = "$(TARGET_NAME)";
				SKIP_INSTALL = YES;
				SWIFT_VERSION = 4.2;
				TARGETED_DEVICE_FAMILY = "1,2";
			};
			name = Release;
		};
/* End XCBuildConfiguration section */

/* Begin XCConfigurationList section */
		5BD285D21B03CF29007A0472 /* Build configuration list for PBXProject "Glancer" */ = {
			isa = XCConfigurationList;
			buildConfigurations = (
				5BD285F41B03CF29007A0472 /* Debug */,
				5BD285F51B03CF29007A0472 /* Release */,
			);
			defaultConfigurationIsVisible = 0;
			defaultConfigurationName = Release;
		};
		5BD285F61B03CF29007A0472 /* Build configuration list for PBXNativeTarget "Glancer" */ = {
			isa = XCConfigurationList;
			buildConfigurations = (
				5BD285F71B03CF29007A0472 /* Debug */,
				5BD285F81B03CF29007A0472 /* Release */,
			);
			defaultConfigurationIsVisible = 0;
			defaultConfigurationName = Release;
		};
		C0B08ED22115108D00FD7289 /* Build configuration list for PBXNativeTarget "Schedule" */ = {
			isa = XCConfigurationList;
			buildConfigurations = (
				C0B08ED02115108D00FD7289 /* Debug */,
				C0B08ED12115108D00FD7289 /* Release */,
			);
			defaultConfigurationIsVisible = 0;
			defaultConfigurationName = Release;
		};
/* End XCConfigurationList section */
	};
	rootObject = 5BD285CF1B03CF29007A0472 /* Project object */;
}
