// !$*UTF8*$!
{
	archiveVersion = 1;
	classes = {
	};
	objectVersion = 46;
	objects = {

/* Begin PBXBuildFile section */
		5BD072481C74AEB40074B56D /* Main.storyboard in Resources */ = {isa = PBXBuildFile; fileRef = 5BD072471C74AEB40074B56D /* Main.storyboard */; };
		5BD285DD1B03CF29007A0472 /* AppDelegate.swift in Sources */ = {isa = PBXBuildFile; fileRef = 5BD285DC1B03CF29007A0472 /* AppDelegate.swift */; };
		5BD285E41B03CF29007A0472 /* Images.xcassets in Resources */ = {isa = PBXBuildFile; fileRef = 5BD285E31B03CF29007A0472 /* Images.xcassets */; };
		740756CC1C33720A0039844B /* Label.swift in Sources */ = {isa = PBXBuildFile; fileRef = 740756CB1C33720A0039844B /* Label.swift */; };
		A136D0EB43B90703297222B9 /* Pods_Glancer.framework in Frameworks */ = {isa = PBXBuildFile; fileRef = 5AB979089EAD429A4648A763 /* Pods_Glancer.framework */; };
		C00232941FA3489A0019D328 /* AnEventManager.swift in Sources */ = {isa = PBXBuildFile; fileRef = C00232931FA3489A0019D328 /* AnEventManager.swift */; };
		C00232991FA34B610019D328 /* Manager.swift in Sources */ = {isa = PBXBuildFile; fileRef = C00232981FA34B610019D328 /* Manager.swift */; };
		C002329B1FA34BF70019D328 /* AnEvent.swift in Sources */ = {isa = PBXBuildFile; fileRef = C002329A1FA34BF70019D328 /* AnEvent.swift */; };
		C002329E1FA37D8D0019D328 /* AnEventHandler.swift in Sources */ = {isa = PBXBuildFile; fileRef = C002329D1FA37D8D0019D328 /* AnEventHandler.swift */; };
		C00232A11FA37E100019D328 /* ClassMeeting.swift in Sources */ = {isa = PBXBuildFile; fileRef = C00232A01FA37E100019D328 /* ClassMeeting.swift */; };
		C00232A51FA37E760019D328 /* Meeting.swift in Sources */ = {isa = PBXBuildFile; fileRef = C00232A41FA37E760019D328 /* Meeting.swift */; };
		C00232A71FA37EFC0019D328 /* MeetingSchedule.swift in Sources */ = {isa = PBXBuildFile; fileRef = C00232A61FA37EFC0019D328 /* MeetingSchedule.swift */; };
		C01867241FC7A82F002027B8 /* EXT_UIView.swift in Sources */ = {isa = PBXBuildFile; fileRef = C01867231FC7A82F002027B8 /* EXT_UIView.swift */; };
		C019C1611F7D3CED00FC4EED /* Launch.storyboard in Resources */ = {isa = PBXBuildFile; fileRef = C019C1601F7D3CED00FC4EED /* Launch.storyboard */; };
		C01FED851FCD1AEE0095F8A1 /* ITableController.swift in Sources */ = {isa = PBXBuildFile; fileRef = C01FED841FCD1AEE0095F8A1 /* ITableController.swift */; };
		C02006201FA904B10050F864 /* BlockMeta.swift in Sources */ = {isa = PBXBuildFile; fileRef = C020061F1FA904B10050F864 /* BlockMeta.swift */; };
		C02A2B0D1FAD47E400D3A9CD /* GetPatchWebCall.swift in Sources */ = {isa = PBXBuildFile; fileRef = C02A2B0C1FAD47E400D3A9CD /* GetPatchWebCall.swift */; };
		C02A2B101FAD487800D3A9CD /* GetPatchResponse.swift in Sources */ = {isa = PBXBuildFile; fileRef = C02A2B0F1FAD487800D3A9CD /* GetPatchResponse.swift */; };
		C02A2B141FAD527600D3A9CD /* ScheduleBlock.swift in Sources */ = {isa = PBXBuildFile; fileRef = C02A2B131FAD527600D3A9CD /* ScheduleBlock.swift */; };
		C02A2B171FAD539E00D3A9CD /* DaySchedule.swift in Sources */ = {isa = PBXBuildFile; fileRef = C02A2B161FAD539E00D3A9CD /* DaySchedule.swift */; };
		C02B91C71FB67D3B004E0D5D /* IModule.swift in Sources */ = {isa = PBXBuildFile; fileRef = C02B91C61FB67D3B004E0D5D /* IModule.swift */; };
		C02B91CB1FB6886E004E0D5D /* DayMeetingList.swift in Sources */ = {isa = PBXBuildFile; fileRef = C02B91CA1FB6886E004E0D5D /* DayMeetingList.swift */; };
		C03636681FACF4C0008FC9A9 /* WebCallHandler.swift in Sources */ = {isa = PBXBuildFile; fileRef = C03636671FACF4C0008FC9A9 /* WebCallHandler.swift */; };
		C036366B1FACF7EA008FC9A9 /* ScheduleManager.swift in Sources */ = {isa = PBXBuildFile; fileRef = C036366A1FACF7EA008FC9A9 /* ScheduleManager.swift */; };
		C036366D1FACF864008FC9A9 /* GetScheduleWebCall.swift in Sources */ = {isa = PBXBuildFile; fileRef = C036366C1FACF864008FC9A9 /* GetScheduleWebCall.swift */; };
		C03636741FACFC85008FC9A9 /* GetScheduleResponse.swift in Sources */ = {isa = PBXBuildFile; fileRef = C03636731FACFC85008FC9A9 /* GetScheduleResponse.swift */; };
		C03D148B1F79479C00211D28 /* HomeViewManager.swift in Sources */ = {isa = PBXBuildFile; fileRef = C03D148A1F79479C00211D28 /* HomeViewManager.swift */; };
		C04937B81FB405880036C890 /* Module.swift in Sources */ = {isa = PBXBuildFile; fileRef = C04937B71FB405880036C890 /* Module.swift */; };
		C04937BB1FB40EB10036C890 /* CollectionModule.swift in Sources */ = {isa = PBXBuildFile; fileRef = C04937BA1FB40EB10036C890 /* CollectionModule.swift */; };
		C04DE4651FAE6AF9000D4DA6 /* DailySportsList.swift in Sources */ = {isa = PBXBuildFile; fileRef = C04DE4641FAE6AF9000D4DA6 /* DailySportsList.swift */; };
		C04DE46A1FAE6E09000D4DA6 /* GetSportsMeetingWebCall.swift in Sources */ = {isa = PBXBuildFile; fileRef = C04DE4691FAE6E09000D4DA6 /* GetSportsMeetingWebCall.swift */; };
		C04DE46D1FAE6E74000D4DA6 /* GetSportsMeetingResponse.swift in Sources */ = {isa = PBXBuildFile; fileRef = C04DE46C1FAE6E74000D4DA6 /* GetSportsMeetingResponse.swift */; };
		C054B7C71FAF65080041BA03 /* SportsMeetingWrapper.swift in Sources */ = {isa = PBXBuildFile; fileRef = C054B7C61FAF65080041BA03 /* SportsMeetingWrapper.swift */; };
		C054B7CB1FAF6D9E0041BA03 /* PreferenceHandler.swift in Sources */ = {isa = PBXBuildFile; fileRef = C054B7CA1FAF6D9E0041BA03 /* PreferenceHandler.swift */; };
		C05B547E1FC5D7B900A47490 /* WebCallResultConverter.swift in Sources */ = {isa = PBXBuildFile; fileRef = C05B547D1FC5D7B900A47490 /* WebCallResultConverter.swift */; };
		C05B54801FC5D9D300A47490 /* WebCallResult.swift in Sources */ = {isa = PBXBuildFile; fileRef = C05B547F1FC5D9D300A47490 /* WebCallResult.swift */; };
		C05B54821FC5F6A000A47490 /* GetPatchConverter.swift in Sources */ = {isa = PBXBuildFile; fileRef = C05B54811FC5F6A000A47490 /* GetPatchConverter.swift */; };
		C05B54841FC5F7A400A47490 /* GetScheduleConverter.swift in Sources */ = {isa = PBXBuildFile; fileRef = C05B54831FC5F7A400A47490 /* GetScheduleConverter.swift */; };
		C05B548A1FC632EF00A47490 /* FetchContainer.swift in Sources */ = {isa = PBXBuildFile; fileRef = C05B54891FC632EF00A47490 /* FetchContainer.swift */; };
		C05B7A111FCE0C71007C735C /* BlockMeetingList.swift in Sources */ = {isa = PBXBuildFile; fileRef = C05B7A101FCE0C71007C735C /* BlockMeetingList.swift */; };
		C05F5E801FAE4ACA00724F42 /* SportMeeting.swift in Sources */ = {isa = PBXBuildFile; fileRef = C05F5E7F1FAE4ACA00724F42 /* SportMeeting.swift */; };
		C05F5E821FAE51AB00724F42 /* SportTeam.swift in Sources */ = {isa = PBXBuildFile; fileRef = C05F5E811FAE51AB00724F42 /* SportTeam.swift */; };
		C05F5E851FAE542D00724F42 /* SportSeason.swift in Sources */ = {isa = PBXBuildFile; fileRef = C05F5E841FAE542D00724F42 /* SportSeason.swift */; };
		C05F5E871FAE54AA00724F42 /* SportTier.swift in Sources */ = {isa = PBXBuildFile; fileRef = C05F5E861FAE54AA00724F42 /* SportTier.swift */; };
		C05F5E891FAE561400724F42 /* SportGender.swift in Sources */ = {isa = PBXBuildFile; fileRef = C05F5E881FAE561400724F42 /* SportGender.swift */; };
		C05F5E8B1FAE56CC00724F42 /* TeamDeclarations.swift in Sources */ = {isa = PBXBuildFile; fileRef = C05F5E8A1FAE56CC00724F42 /* TeamDeclarations.swift */; };
		C06220E51F74A8930032A2EC /* Debug.swift in Sources */ = {isa = PBXBuildFile; fileRef = C06220E41F74A8930032A2EC /* Debug.swift */; };
		C069CF771F6B697E001FE527 /* NotificationsManager.swift in Sources */ = {isa = PBXBuildFile; fileRef = C069CF761F6B697E001FE527 /* NotificationsManager.swift */; };
		C0707FBE1F69720800C7D2ED /* Schedule.swift in Sources */ = {isa = PBXBuildFile; fileRef = C0707FBD1F69720800C7D2ED /* Schedule.swift */; };
		C0707FC01F69753100C7D2ED /* Storage.swift in Sources */ = {isa = PBXBuildFile; fileRef = C0707FBF1F69753100C7D2ED /* Storage.swift */; };
		C074632E1FAFA8EB00D183E7 /* TableSection.swift in Sources */ = {isa = PBXBuildFile; fileRef = C074632D1FAFA8EB00D183E7 /* TableSection.swift */; };
		C07463301FAFA91200D183E7 /* TableCell.swift in Sources */ = {isa = PBXBuildFile; fileRef = C074632F1FAFA91200D183E7 /* TableCell.swift */; };
		C07463321FAFA93100D183E7 /* TableContainer.swift in Sources */ = {isa = PBXBuildFile; fileRef = C07463311FAFA93100D183E7 /* TableContainer.swift */; };
		C079C2311FACA9CB009067DE /* BlockTableViewController.swift in Sources */ = {isa = PBXBuildFile; fileRef = C079C2301FACA9CB009067DE /* BlockTableViewController.swift */; };
		C079C2341FACABB7009067DE /* BlockTableClassViewCell.swift in Sources */ = {isa = PBXBuildFile; fileRef = C079C2331FACABB7009067DE /* BlockTableClassViewCell.swift */; };
		C081C2E81FE450F0008073F3 /* LunchManager.swift in Sources */ = {isa = PBXBuildFile; fileRef = C081C2E71FE450F0008073F3 /* LunchManager.swift */; };
		C081C2EA1FE45108008073F3 /* LunchMenu.swift in Sources */ = {isa = PBXBuildFile; fileRef = C081C2E91FE45108008073F3 /* LunchMenu.swift */; };
		C081C2ED1FE45120008073F3 /* GetMenuWebCall.swift in Sources */ = {isa = PBXBuildFile; fileRef = C081C2EC1FE45120008073F3 /* GetMenuWebCall.swift */; };
		C081C2EF1FE4512C008073F3 /* GetMenuResponse.swift in Sources */ = {isa = PBXBuildFile; fileRef = C081C2EE1FE4512C008073F3 /* GetMenuResponse.swift */; };
		C081C2F11FE45137008073F3 /* GetMenuConverter.swift in Sources */ = {isa = PBXBuildFile; fileRef = C081C2F01FE45137008073F3 /* GetMenuConverter.swift */; };
		C09343471FAA1B3C00629A84 /* Block.swift in Sources */ = {isa = PBXBuildFile; fileRef = C09343461FAA1B3C00629A84 /* Block.swift */; };
		C09343491FAA1B5E00629A84 /* TimeContainer.swift in Sources */ = {isa = PBXBuildFile; fileRef = C09343481FAA1B5E00629A84 /* TimeContainer.swift */; };
		C093434B1FAA1B7A00629A84 /* BlockID.swift in Sources */ = {isa = PBXBuildFile; fileRef = C093434A1FAA1B7A00629A84 /* BlockID.swift */; };
		C093434D1FAA1B9E00629A84 /* DayID.swift in Sources */ = {isa = PBXBuildFile; fileRef = C093434C1FAA1B9E00629A84 /* DayID.swift */; };
		C09451871FE1C299001E0080 /* LocalResource.swift in Sources */ = {isa = PBXBuildFile; fileRef = C09451861FE1C299001E0080 /* LocalResource.swift */; };
		C0A26FB61FAF70ED0060DC23 /* PrefsOverlord.swift in Sources */ = {isa = PBXBuildFile; fileRef = C0A26FB51FAF70ED0060DC23 /* PrefsOverlord.swift */; };
		C0A26FBC1FAF76620060DC23 /* SportsPrefModule.swift in Sources */ = {isa = PBXBuildFile; fileRef = C0A26FBB1FAF76620060DC23 /* SportsPrefModule.swift */; };
		C0A5D3BC1F69E07500DBDCAD /* UserPrefsManager.swift in Sources */ = {isa = PBXBuildFile; fileRef = C0A5D3BB1F69E07500DBDCAD /* UserPrefsManager.swift */; };
		C0A5D3C01F6A07D500DBDCAD /* Utils.swift in Sources */ = {isa = PBXBuildFile; fileRef = C0A5D3BF1F6A07D500DBDCAD /* Utils.swift */; };
		C0A908C61F76C8BF008AAB3F /* WeekViewManager.swift in Sources */ = {isa = PBXBuildFile; fileRef = C0A908C51F76C8BF008AAB3F /* WeekViewManager.swift */; };
		C0AC4DC31FD21F680094449C /* BlockViewController.swift in Sources */ = {isa = PBXBuildFile; fileRef = C0AC4DC21FD21F680094449C /* BlockViewController.swift */; };
		C0B04F461FD177EC00F5D116 /* MeetingPrefModule.swift in Sources */ = {isa = PBXBuildFile; fileRef = C0B04F451FD177EC00F5D116 /* MeetingPrefModule.swift */; };
		C0B163A41FCDF1CB0011BCF4 /* BlockTableBlockViewCell.swift in Sources */ = {isa = PBXBuildFile; fileRef = C0B163A31FCDF1CB0011BCF4 /* BlockTableBlockViewCell.swift */; };
		C0B4A4D71FD0AC88002CBB1B /* MeetingList.swift in Sources */ = {isa = PBXBuildFile; fileRef = C0B4A4D61FD0AC88002CBB1B /* MeetingList.swift */; };
		C0B590B31FC34F3100CDF964 /* ResourceFetch.swift in Sources */ = {isa = PBXBuildFile; fileRef = C0B590B21FC34F3100CDF964 /* ResourceFetch.swift */; };
		C0C176521FAA39E50059E956 /* SportsManager.swift in Sources */ = {isa = PBXBuildFile; fileRef = C0C176511FAA39E50059E956 /* SportsManager.swift */; };
		C0C176551FAA5CB90059E956 /* WebCall.swift in Sources */ = {isa = PBXBuildFile; fileRef = C0C176541FAA5CB90059E956 /* WebCall.swift */; };
		C0C176591FAA5F450059E956 /* Device.swift in Sources */ = {isa = PBXBuildFile; fileRef = C0C176581FAA5F450059E956 /* Device.swift */; };
		C0C1765B1FAA60C10059E956 /* SportType.swift in Sources */ = {isa = PBXBuildFile; fileRef = C0C1765A1FAA60C10059E956 /* SportType.swift */; };
		C0C1765E1FAA61000059E956 /* TimeDuration.swift in Sources */ = {isa = PBXBuildFile; fileRef = C0C1765D1FAA61000059E956 /* TimeDuration.swift */; };
		C0C176601FAA61AE0059E956 /* EnscribedTime.swift in Sources */ = {isa = PBXBuildFile; fileRef = C0C1765F1FAA61AE0059E956 /* EnscribedTime.swift */; };
		C0C776841FACDDB6003EE125 /* EnscribedDate.swift in Sources */ = {isa = PBXBuildFile; fileRef = C0C776831FACDDB6003EE125 /* EnscribedDate.swift */; };
		C0C776861FACDE89003EE125 /* TimeUtils.swift in Sources */ = {isa = PBXBuildFile; fileRef = C0C776851FACDE89003EE125 /* TimeUtils.swift */; };
		C0CB9C101FE4634000437C5D /* EventManager.swift in Sources */ = {isa = PBXBuildFile; fileRef = C0CB9C0F1FE4634000437C5D /* EventManager.swift */; };
		C0CB9C131FE464D900437C5D /* Event.swift in Sources */ = {isa = PBXBuildFile; fileRef = C0CB9C121FE464D900437C5D /* Event.swift */; };
		C0CB9C151FE4668B00437C5D /* EventAudience.swift in Sources */ = {isa = PBXBuildFile; fileRef = C0CB9C141FE4668B00437C5D /* EventAudience.swift */; };
		C0CB9C191FE468F500437C5D /* GetEventsWebCall.swift in Sources */ = {isa = PBXBuildFile; fileRef = C0CB9C181FE468F500437C5D /* GetEventsWebCall.swift */; };
		C0CB9C1B1FE468FF00437C5D /* GetEventsResponse.swift in Sources */ = {isa = PBXBuildFile; fileRef = C0CB9C1A1FE468FF00437C5D /* GetEventsResponse.swift */; };
		C0CB9C1D1FE4690800437C5D /* GetEventsConverter.swift in Sources */ = {isa = PBXBuildFile; fileRef = C0CB9C1C1FE4690800437C5D /* GetEventsConverter.swift */; };
		C0CB9C201FE4698000437C5D /* EventList.swift in Sources */ = {isa = PBXBuildFile; fileRef = C0CB9C1F1FE4698000437C5D /* EventList.swift */; };
		C0D1053E1FDA398B0030A0DC /* MeetingManager.swift in Sources */ = {isa = PBXBuildFile; fileRef = C0D1053D1FDA398A0030A0DC /* MeetingManager.swift */; };
		C0FD3D4F1FDA0DC4003E064F /* SportsViewController.swift in Sources */ = {isa = PBXBuildFile; fileRef = C0FD3D4E1FDA0DC4003E064F /* SportsViewController.swift */; };
/* End PBXBuildFile section */

/* Begin PBXCopyFilesBuildPhase section */
		5BC261901B0EA7D700AEBAC1 /* Embed App Extensions */ = {
			isa = PBXCopyFilesBuildPhase;
			buildActionMask = 2147483647;
			dstPath = "";
			dstSubfolderSpec = 13;
			files = (
			);
			name = "Embed App Extensions";
			runOnlyForDeploymentPostprocessing = 0;
		};
/* End PBXCopyFilesBuildPhase section */

/* Begin PBXFileReference section */
		3272FF23988E47B40EA9BE81 /* Pods-Glancer.release.xcconfig */ = {isa = PBXFileReference; includeInIndex = 1; lastKnownFileType = text.xcconfig; name = "Pods-Glancer.release.xcconfig"; path = "Pods/Target Support Files/Pods-Glancer/Pods-Glancer.release.xcconfig"; sourceTree = "<group>"; };
		5AB979089EAD429A4648A763 /* Pods_Glancer.framework */ = {isa = PBXFileReference; explicitFileType = wrapper.framework; includeInIndex = 0; path = Pods_Glancer.framework; sourceTree = BUILT_PRODUCTS_DIR; };
		5B55DC2C1B27B21500D55EB9 /* Glancer.entitlements */ = {isa = PBXFileReference; lastKnownFileType = text.xml; path = Glancer.entitlements; sourceTree = "<group>"; };
		5BD072471C74AEB40074B56D /* Main.storyboard */ = {isa = PBXFileReference; fileEncoding = 4; lastKnownFileType = file.storyboard; path = Main.storyboard; sourceTree = "<group>"; };
		5BD285D71B03CF29007A0472 /* Glancer.app */ = {isa = PBXFileReference; explicitFileType = wrapper.application; includeInIndex = 0; path = Glancer.app; sourceTree = BUILT_PRODUCTS_DIR; };
		5BD285DB1B03CF29007A0472 /* Info.plist */ = {isa = PBXFileReference; lastKnownFileType = text.plist.xml; path = Info.plist; sourceTree = "<group>"; };
		5BD285DC1B03CF29007A0472 /* AppDelegate.swift */ = {isa = PBXFileReference; lastKnownFileType = sourcecode.swift; path = AppDelegate.swift; sourceTree = "<group>"; };
		5BD285E31B03CF29007A0472 /* Images.xcassets */ = {isa = PBXFileReference; lastKnownFileType = folder.assetcatalog; path = Images.xcassets; sourceTree = "<group>"; };
		740756CB1C33720A0039844B /* Label.swift */ = {isa = PBXFileReference; fileEncoding = 4; lastKnownFileType = sourcecode.swift; path = Label.swift; sourceTree = "<group>"; };
		B61D64CD0A9F7D2A64793BDC /* Pods-Glancer.debug.xcconfig */ = {isa = PBXFileReference; includeInIndex = 1; lastKnownFileType = text.xcconfig; name = "Pods-Glancer.debug.xcconfig"; path = "Pods/Target Support Files/Pods-Glancer/Pods-Glancer.debug.xcconfig"; sourceTree = "<group>"; };
		C00232931FA3489A0019D328 /* AnEventManager.swift */ = {isa = PBXFileReference; lastKnownFileType = sourcecode.swift; path = AnEventManager.swift; sourceTree = "<group>"; };
		C00232981FA34B610019D328 /* Manager.swift */ = {isa = PBXFileReference; lastKnownFileType = sourcecode.swift; path = Manager.swift; sourceTree = "<group>"; };
		C002329A1FA34BF70019D328 /* AnEvent.swift */ = {isa = PBXFileReference; lastKnownFileType = sourcecode.swift; path = AnEvent.swift; sourceTree = "<group>"; };
		C002329D1FA37D8D0019D328 /* AnEventHandler.swift */ = {isa = PBXFileReference; lastKnownFileType = sourcecode.swift; path = AnEventHandler.swift; sourceTree = "<group>"; };
		C00232A01FA37E100019D328 /* ClassMeeting.swift */ = {isa = PBXFileReference; lastKnownFileType = sourcecode.swift; path = ClassMeeting.swift; sourceTree = "<group>"; };
		C00232A41FA37E760019D328 /* Meeting.swift */ = {isa = PBXFileReference; lastKnownFileType = sourcecode.swift; path = Meeting.swift; sourceTree = "<group>"; };
		C00232A61FA37EFC0019D328 /* MeetingSchedule.swift */ = {isa = PBXFileReference; lastKnownFileType = sourcecode.swift; path = MeetingSchedule.swift; sourceTree = "<group>"; };
		C01867231FC7A82F002027B8 /* EXT_UIView.swift */ = {isa = PBXFileReference; lastKnownFileType = sourcecode.swift; path = EXT_UIView.swift; sourceTree = "<group>"; };
		C019C1601F7D3CED00FC4EED /* Launch.storyboard */ = {isa = PBXFileReference; lastKnownFileType = file.storyboard; path = Launch.storyboard; sourceTree = "<group>"; };
		C01FED841FCD1AEE0095F8A1 /* ITableController.swift */ = {isa = PBXFileReference; lastKnownFileType = sourcecode.swift; path = ITableController.swift; sourceTree = "<group>"; };
		C020061F1FA904B10050F864 /* BlockMeta.swift */ = {isa = PBXFileReference; lastKnownFileType = sourcecode.swift; path = BlockMeta.swift; sourceTree = "<group>"; };
		C02A2B0C1FAD47E400D3A9CD /* GetPatchWebCall.swift */ = {isa = PBXFileReference; lastKnownFileType = sourcecode.swift; path = GetPatchWebCall.swift; sourceTree = "<group>"; };
		C02A2B0F1FAD487800D3A9CD /* GetPatchResponse.swift */ = {isa = PBXFileReference; lastKnownFileType = sourcecode.swift; path = GetPatchResponse.swift; sourceTree = "<group>"; };
		C02A2B131FAD527600D3A9CD /* ScheduleBlock.swift */ = {isa = PBXFileReference; lastKnownFileType = sourcecode.swift; path = ScheduleBlock.swift; sourceTree = "<group>"; };
		C02A2B161FAD539E00D3A9CD /* DaySchedule.swift */ = {isa = PBXFileReference; lastKnownFileType = sourcecode.swift; path = DaySchedule.swift; sourceTree = "<group>"; };
		C02B91C61FB67D3B004E0D5D /* IModule.swift */ = {isa = PBXFileReference; lastKnownFileType = sourcecode.swift; path = IModule.swift; sourceTree = "<group>"; };
		C02B91CA1FB6886E004E0D5D /* DayMeetingList.swift */ = {isa = PBXFileReference; lastKnownFileType = sourcecode.swift; path = DayMeetingList.swift; sourceTree = "<group>"; };
		C03636671FACF4C0008FC9A9 /* WebCallHandler.swift */ = {isa = PBXFileReference; lastKnownFileType = sourcecode.swift; path = WebCallHandler.swift; sourceTree = "<group>"; };
		C036366A1FACF7EA008FC9A9 /* ScheduleManager.swift */ = {isa = PBXFileReference; lastKnownFileType = sourcecode.swift; path = ScheduleManager.swift; sourceTree = "<group>"; };
		C036366C1FACF864008FC9A9 /* GetScheduleWebCall.swift */ = {isa = PBXFileReference; lastKnownFileType = sourcecode.swift; path = GetScheduleWebCall.swift; sourceTree = "<group>"; };
		C03636731FACFC85008FC9A9 /* GetScheduleResponse.swift */ = {isa = PBXFileReference; lastKnownFileType = sourcecode.swift; path = GetScheduleResponse.swift; sourceTree = "<group>"; };
		C03D148A1F79479C00211D28 /* HomeViewManager.swift */ = {isa = PBXFileReference; lastKnownFileType = sourcecode.swift; path = HomeViewManager.swift; sourceTree = "<group>"; };
		C04937B71FB405880036C890 /* Module.swift */ = {isa = PBXFileReference; lastKnownFileType = sourcecode.swift; path = Module.swift; sourceTree = "<group>"; };
		C04937BA1FB40EB10036C890 /* CollectionModule.swift */ = {isa = PBXFileReference; lastKnownFileType = sourcecode.swift; path = CollectionModule.swift; sourceTree = "<group>"; };
		C04DE4641FAE6AF9000D4DA6 /* DailySportsList.swift */ = {isa = PBXFileReference; lastKnownFileType = sourcecode.swift; path = DailySportsList.swift; sourceTree = "<group>"; };
		C04DE4691FAE6E09000D4DA6 /* GetSportsMeetingWebCall.swift */ = {isa = PBXFileReference; lastKnownFileType = sourcecode.swift; path = GetSportsMeetingWebCall.swift; sourceTree = "<group>"; };
		C04DE46C1FAE6E74000D4DA6 /* GetSportsMeetingResponse.swift */ = {isa = PBXFileReference; lastKnownFileType = sourcecode.swift; path = GetSportsMeetingResponse.swift; sourceTree = "<group>"; };
		C054B7C61FAF65080041BA03 /* SportsMeetingWrapper.swift */ = {isa = PBXFileReference; lastKnownFileType = sourcecode.swift; path = SportsMeetingWrapper.swift; sourceTree = "<group>"; };
		C054B7CA1FAF6D9E0041BA03 /* PreferenceHandler.swift */ = {isa = PBXFileReference; lastKnownFileType = sourcecode.swift; path = PreferenceHandler.swift; sourceTree = "<group>"; };
		C05B547D1FC5D7B900A47490 /* WebCallResultConverter.swift */ = {isa = PBXFileReference; lastKnownFileType = sourcecode.swift; path = WebCallResultConverter.swift; sourceTree = "<group>"; };
		C05B547F1FC5D9D300A47490 /* WebCallResult.swift */ = {isa = PBXFileReference; lastKnownFileType = sourcecode.swift; path = WebCallResult.swift; sourceTree = "<group>"; };
		C05B54811FC5F6A000A47490 /* GetPatchConverter.swift */ = {isa = PBXFileReference; lastKnownFileType = sourcecode.swift; path = GetPatchConverter.swift; sourceTree = "<group>"; };
		C05B54831FC5F7A400A47490 /* GetScheduleConverter.swift */ = {isa = PBXFileReference; lastKnownFileType = sourcecode.swift; path = GetScheduleConverter.swift; sourceTree = "<group>"; };
		C05B54891FC632EF00A47490 /* FetchContainer.swift */ = {isa = PBXFileReference; lastKnownFileType = sourcecode.swift; path = FetchContainer.swift; sourceTree = "<group>"; };
		C05B7A101FCE0C71007C735C /* BlockMeetingList.swift */ = {isa = PBXFileReference; lastKnownFileType = sourcecode.swift; path = BlockMeetingList.swift; sourceTree = "<group>"; };
		C05F5E7F1FAE4ACA00724F42 /* SportMeeting.swift */ = {isa = PBXFileReference; lastKnownFileType = sourcecode.swift; path = SportMeeting.swift; sourceTree = "<group>"; };
		C05F5E811FAE51AB00724F42 /* SportTeam.swift */ = {isa = PBXFileReference; lastKnownFileType = sourcecode.swift; path = SportTeam.swift; sourceTree = "<group>"; };
		C05F5E841FAE542D00724F42 /* SportSeason.swift */ = {isa = PBXFileReference; lastKnownFileType = sourcecode.swift; path = SportSeason.swift; sourceTree = "<group>"; };
		C05F5E861FAE54AA00724F42 /* SportTier.swift */ = {isa = PBXFileReference; lastKnownFileType = sourcecode.swift; path = SportTier.swift; sourceTree = "<group>"; };
		C05F5E881FAE561400724F42 /* SportGender.swift */ = {isa = PBXFileReference; lastKnownFileType = sourcecode.swift; path = SportGender.swift; sourceTree = "<group>"; };
		C05F5E8A1FAE56CC00724F42 /* TeamDeclarations.swift */ = {isa = PBXFileReference; lastKnownFileType = sourcecode.swift; path = TeamDeclarations.swift; sourceTree = "<group>"; };
		C06220E41F74A8930032A2EC /* Debug.swift */ = {isa = PBXFileReference; lastKnownFileType = sourcecode.swift; path = Debug.swift; sourceTree = "<group>"; };
		C069CF761F6B697E001FE527 /* NotificationsManager.swift */ = {isa = PBXFileReference; fileEncoding = 4; lastKnownFileType = sourcecode.swift; path = NotificationsManager.swift; sourceTree = "<group>"; };
		C0707FBD1F69720800C7D2ED /* Schedule.swift */ = {isa = PBXFileReference; fileEncoding = 4; lastKnownFileType = sourcecode.swift; path = Schedule.swift; sourceTree = "<group>"; };
		C0707FBF1F69753100C7D2ED /* Storage.swift */ = {isa = PBXFileReference; fileEncoding = 4; lastKnownFileType = sourcecode.swift; path = Storage.swift; sourceTree = "<group>"; };
		C074632D1FAFA8EB00D183E7 /* TableSection.swift */ = {isa = PBXFileReference; lastKnownFileType = sourcecode.swift; path = TableSection.swift; sourceTree = "<group>"; };
		C074632F1FAFA91200D183E7 /* TableCell.swift */ = {isa = PBXFileReference; lastKnownFileType = sourcecode.swift; path = TableCell.swift; sourceTree = "<group>"; };
		C07463311FAFA93100D183E7 /* TableContainer.swift */ = {isa = PBXFileReference; lastKnownFileType = sourcecode.swift; path = TableContainer.swift; sourceTree = "<group>"; };
		C079C2301FACA9CB009067DE /* BlockTableViewController.swift */ = {isa = PBXFileReference; lastKnownFileType = sourcecode.swift; path = BlockTableViewController.swift; sourceTree = "<group>"; };
		C079C2331FACABB7009067DE /* BlockTableClassViewCell.swift */ = {isa = PBXFileReference; lastKnownFileType = sourcecode.swift; path = BlockTableClassViewCell.swift; sourceTree = "<group>"; };
		C081C2E71FE450F0008073F3 /* LunchManager.swift */ = {isa = PBXFileReference; lastKnownFileType = sourcecode.swift; path = LunchManager.swift; sourceTree = "<group>"; };
		C081C2E91FE45108008073F3 /* LunchMenu.swift */ = {isa = PBXFileReference; lastKnownFileType = sourcecode.swift; path = LunchMenu.swift; sourceTree = "<group>"; };
		C081C2EC1FE45120008073F3 /* GetMenuWebCall.swift */ = {isa = PBXFileReference; lastKnownFileType = sourcecode.swift; path = GetMenuWebCall.swift; sourceTree = "<group>"; };
		C081C2EE1FE4512C008073F3 /* GetMenuResponse.swift */ = {isa = PBXFileReference; lastKnownFileType = sourcecode.swift; path = GetMenuResponse.swift; sourceTree = "<group>"; };
		C081C2F01FE45137008073F3 /* GetMenuConverter.swift */ = {isa = PBXFileReference; lastKnownFileType = sourcecode.swift; path = GetMenuConverter.swift; sourceTree = "<group>"; };
		C09343461FAA1B3C00629A84 /* Block.swift */ = {isa = PBXFileReference; lastKnownFileType = sourcecode.swift; path = Block.swift; sourceTree = "<group>"; };
		C09343481FAA1B5E00629A84 /* TimeContainer.swift */ = {isa = PBXFileReference; lastKnownFileType = sourcecode.swift; path = TimeContainer.swift; sourceTree = "<group>"; };
		C093434A1FAA1B7A00629A84 /* BlockID.swift */ = {isa = PBXFileReference; lastKnownFileType = sourcecode.swift; path = BlockID.swift; sourceTree = "<group>"; };
		C093434C1FAA1B9E00629A84 /* DayID.swift */ = {isa = PBXFileReference; lastKnownFileType = sourcecode.swift; path = DayID.swift; sourceTree = "<group>"; };
		C09451861FE1C299001E0080 /* LocalResource.swift */ = {isa = PBXFileReference; lastKnownFileType = sourcecode.swift; path = LocalResource.swift; sourceTree = "<group>"; };
		C0A26FB51FAF70ED0060DC23 /* PrefsOverlord.swift */ = {isa = PBXFileReference; lastKnownFileType = sourcecode.swift; path = PrefsOverlord.swift; sourceTree = "<group>"; };
		C0A26FBB1FAF76620060DC23 /* SportsPrefModule.swift */ = {isa = PBXFileReference; lastKnownFileType = sourcecode.swift; path = SportsPrefModule.swift; sourceTree = "<group>"; };
		C0A5D3BB1F69E07500DBDCAD /* UserPrefsManager.swift */ = {isa = PBXFileReference; fileEncoding = 4; lastKnownFileType = sourcecode.swift; path = UserPrefsManager.swift; sourceTree = "<group>"; };
		C0A5D3BF1F6A07D500DBDCAD /* Utils.swift */ = {isa = PBXFileReference; fileEncoding = 4; lastKnownFileType = sourcecode.swift; path = Utils.swift; sourceTree = "<group>"; };
		C0A908C51F76C8BF008AAB3F /* WeekViewManager.swift */ = {isa = PBXFileReference; lastKnownFileType = sourcecode.swift; path = WeekViewManager.swift; sourceTree = "<group>"; };
		C0AC4DC21FD21F680094449C /* BlockViewController.swift */ = {isa = PBXFileReference; lastKnownFileType = sourcecode.swift; path = BlockViewController.swift; sourceTree = "<group>"; };
		C0B04F451FD177EC00F5D116 /* MeetingPrefModule.swift */ = {isa = PBXFileReference; lastKnownFileType = sourcecode.swift; path = MeetingPrefModule.swift; sourceTree = "<group>"; };
		C0B163A31FCDF1CB0011BCF4 /* BlockTableBlockViewCell.swift */ = {isa = PBXFileReference; lastKnownFileType = sourcecode.swift; path = BlockTableBlockViewCell.swift; sourceTree = "<group>"; };
		C0B4A4D61FD0AC88002CBB1B /* MeetingList.swift */ = {isa = PBXFileReference; lastKnownFileType = sourcecode.swift; path = MeetingList.swift; sourceTree = "<group>"; };
		C0B590B21FC34F3100CDF964 /* ResourceFetch.swift */ = {isa = PBXFileReference; lastKnownFileType = sourcecode.swift; path = ResourceFetch.swift; sourceTree = "<group>"; };
		C0C176511FAA39E50059E956 /* SportsManager.swift */ = {isa = PBXFileReference; lastKnownFileType = sourcecode.swift; path = SportsManager.swift; sourceTree = "<group>"; };
		C0C176541FAA5CB90059E956 /* WebCall.swift */ = {isa = PBXFileReference; lastKnownFileType = sourcecode.swift; path = WebCall.swift; sourceTree = "<group>"; };
		C0C176581FAA5F450059E956 /* Device.swift */ = {isa = PBXFileReference; lastKnownFileType = sourcecode.swift; path = Device.swift; sourceTree = "<group>"; };
		C0C1765A1FAA60C10059E956 /* SportType.swift */ = {isa = PBXFileReference; lastKnownFileType = sourcecode.swift; path = SportType.swift; sourceTree = "<group>"; };
		C0C1765D1FAA61000059E956 /* TimeDuration.swift */ = {isa = PBXFileReference; lastKnownFileType = sourcecode.swift; path = TimeDuration.swift; sourceTree = "<group>"; };
		C0C1765F1FAA61AE0059E956 /* EnscribedTime.swift */ = {isa = PBXFileReference; lastKnownFileType = sourcecode.swift; path = EnscribedTime.swift; sourceTree = "<group>"; };
		C0C776831FACDDB6003EE125 /* EnscribedDate.swift */ = {isa = PBXFileReference; lastKnownFileType = sourcecode.swift; path = EnscribedDate.swift; sourceTree = "<group>"; };
		C0C776851FACDE89003EE125 /* TimeUtils.swift */ = {isa = PBXFileReference; lastKnownFileType = sourcecode.swift; path = TimeUtils.swift; sourceTree = "<group>"; };
		C0CB9C0F1FE4634000437C5D /* EventManager.swift */ = {isa = PBXFileReference; lastKnownFileType = sourcecode.swift; path = EventManager.swift; sourceTree = "<group>"; };
		C0CB9C121FE464D900437C5D /* Event.swift */ = {isa = PBXFileReference; lastKnownFileType = sourcecode.swift; path = Event.swift; sourceTree = "<group>"; };
		C0CB9C141FE4668B00437C5D /* EventAudience.swift */ = {isa = PBXFileReference; lastKnownFileType = sourcecode.swift; path = EventAudience.swift; sourceTree = "<group>"; };
		C0CB9C181FE468F500437C5D /* GetEventsWebCall.swift */ = {isa = PBXFileReference; lastKnownFileType = sourcecode.swift; path = GetEventsWebCall.swift; sourceTree = "<group>"; };
		C0CB9C1A1FE468FF00437C5D /* GetEventsResponse.swift */ = {isa = PBXFileReference; lastKnownFileType = sourcecode.swift; path = GetEventsResponse.swift; sourceTree = "<group>"; };
		C0CB9C1C1FE4690800437C5D /* GetEventsConverter.swift */ = {isa = PBXFileReference; lastKnownFileType = sourcecode.swift; path = GetEventsConverter.swift; sourceTree = "<group>"; };
		C0CB9C1F1FE4698000437C5D /* EventList.swift */ = {isa = PBXFileReference; lastKnownFileType = sourcecode.swift; path = EventList.swift; sourceTree = "<group>"; };
		C0D1053D1FDA398A0030A0DC /* MeetingManager.swift */ = {isa = PBXFileReference; fileEncoding = 4; lastKnownFileType = sourcecode.swift; name = MeetingManager.swift; path = ../../../../../.Trash/MeetingManager.swift; sourceTree = "<group>"; };
		C0FD3D4E1FDA0DC4003E064F /* SportsViewController.swift */ = {isa = PBXFileReference; lastKnownFileType = sourcecode.swift; path = SportsViewController.swift; sourceTree = "<group>"; };
/* End PBXFileReference section */

/* Begin PBXFrameworksBuildPhase section */
		5BD285D41B03CF29007A0472 /* Frameworks */ = {
			isa = PBXFrameworksBuildPhase;
			buildActionMask = 2147483647;
			files = (
				A136D0EB43B90703297222B9 /* Pods_Glancer.framework in Frameworks */,
			);
			runOnlyForDeploymentPostprocessing = 0;
		};
/* End PBXFrameworksBuildPhase section */

/* Begin PBXGroup section */
		1A04002873FBB3929F9A9397 /* Pods */ = {
			isa = PBXGroup;
			children = (
				B61D64CD0A9F7D2A64793BDC /* Pods-Glancer.debug.xcconfig */,
				3272FF23988E47B40EA9BE81 /* Pods-Glancer.release.xcconfig */,
			);
			name = Pods;
			sourceTree = "<group>";
		};
		5BD285CE1B03CF29007A0472 = {
			isa = PBXGroup;
			children = (
				5BD285D91B03CF29007A0472 /* Glancer */,
				5BD285D81B03CF29007A0472 /* Products */,
				1A04002873FBB3929F9A9397 /* Pods */,
				73D817ED4CC7B6536DDF2CFD /* Frameworks */,
			);
			sourceTree = "<group>";
		};
		5BD285D81B03CF29007A0472 /* Products */ = {
			isa = PBXGroup;
			children = (
				5BD285D71B03CF29007A0472 /* Glancer.app */,
			);
			name = Products;
			sourceTree = "<group>";
		};
		5BD285D91B03CF29007A0472 /* Glancer */ = {
			isa = PBXGroup;
			children = (
				C05B54881FC6175700A47490 /* Resource */,
				C0C7768A1FACE17B003EE125 /* Utils */,
				C079C22E1FACA96F009067DE /* Storyboard */,
				C0C1765C1FAA60E80059E956 /* Time */,
				C0C176531FAA5BF20059E956 /* Web */,
				C00232971FA34B290019D328 /* Management */,
				5B55DC2C1B27B21500D55EB9 /* Glancer.entitlements */,
				5BD285DC1B03CF29007A0472 /* AppDelegate.swift */,
				740756CB1C33720A0039844B /* Label.swift */,
				5BD285E31B03CF29007A0472 /* Images.xcassets */,
				5BD285DA1B03CF29007A0472 /* Supporting Files */,
				C0707FBF1F69753100C7D2ED /* Storage.swift */,
				C069CF761F6B697E001FE527 /* NotificationsManager.swift */,
				C06220E41F74A8930032A2EC /* Debug.swift */,
				C0A908C51F76C8BF008AAB3F /* WeekViewManager.swift */,
				C03D148A1F79479C00211D28 /* HomeViewManager.swift */,
				C0C176581FAA5F450059E956 /* Device.swift */,
			);
			path = Glancer;
			sourceTree = "<group>";
		};
		5BD285DA1B03CF29007A0472 /* Supporting Files */ = {
			isa = PBXGroup;
			children = (
				5BD285DB1B03CF29007A0472 /* Info.plist */,
			);
			name = "Supporting Files";
			sourceTree = "<group>";
		};
		73D817ED4CC7B6536DDF2CFD /* Frameworks */ = {
			isa = PBXGroup;
			children = (
				5AB979089EAD429A4648A763 /* Pods_Glancer.framework */,
			);
			name = Frameworks;
			sourceTree = "<group>";
		};
		C00232951FA34AB70019D328 /* OLD Event */ = {
			isa = PBXGroup;
			children = (
				C00232931FA3489A0019D328 /* AnEventManager.swift */,
				C002329A1FA34BF70019D328 /* AnEvent.swift */,
				C002329D1FA37D8D0019D328 /* AnEventHandler.swift */,
			);
			name = "OLD Event";
			sourceTree = "<group>";
		};
		C00232971FA34B290019D328 /* Management */ = {
			isa = PBXGroup;
			children = (
				C0CB9C0D1FE4610C00437C5D /* Components */,
				C01867211FC75EFE002027B8 /* Storyboard */,
				C04937B91FB408980036C890 /* Module */,
				C020061B1FA903D30050F864 /* Preferences */,
				C0134A181FA7E1D5009B4399 /* OLD Schedule */,
				C00232951FA34AB70019D328 /* OLD Event */,
				C00232981FA34B610019D328 /* Manager.swift */,
			);
			name = Management;
			sourceTree = "<group>";
		};
		C002329C1FA37D700019D328 /* Meetings */ = {
			isa = PBXGroup;
			children = (
				C02B91C91FB68860004E0D5D /* Elements */,
				C02B91C81FB68754004E0D5D /* Prefs */,
				C0D1053D1FDA398A0030A0DC /* MeetingManager.swift */,
			);
			name = Meetings;
			sourceTree = "<group>";
		};
		C002329F1FA37DFF0019D328 /* Meeting */ = {
			isa = PBXGroup;
			children = (
				C00232A41FA37E760019D328 /* Meeting.swift */,
				C00232A01FA37E100019D328 /* ClassMeeting.swift */,
			);
			name = Meeting;
			sourceTree = "<group>";
		};
		C0134A181FA7E1D5009B4399 /* OLD Schedule */ = {
			isa = PBXGroup;
			children = (
				C0707FBD1F69720800C7D2ED /* Schedule.swift */,
				C09343461FAA1B3C00629A84 /* Block.swift */,
				C09343481FAA1B5E00629A84 /* TimeContainer.swift */,
			);
			name = "OLD Schedule";
			sourceTree = "<group>";
		};
		C01867211FC75EFE002027B8 /* Storyboard */ = {
			isa = PBXGroup;
			children = (
				5BD072471C74AEB40074B56D /* Main.storyboard */,
				C019C1601F7D3CED00FC4EED /* Launch.storyboard */,
				C079C22F1FACA97D009067DE /* Controllers */,
			);
			name = Storyboard;
			sourceTree = "<group>";
		};
		C01867221FC7A81F002027B8 /* Extensions */ = {
			isa = PBXGroup;
			children = (
				C01867231FC7A82F002027B8 /* EXT_UIView.swift */,
			);
			name = Extensions;
			sourceTree = "<group>";
		};
		C01A25761FB7E7D900026BEF /* Table */ = {
			isa = PBXGroup;
			children = (
				C07463311FAFA93100D183E7 /* TableContainer.swift */,
				C074632D1FAFA8EB00D183E7 /* TableSection.swift */,
				C074632F1FAFA91200D183E7 /* TableCell.swift */,
				C01FED841FCD1AEE0095F8A1 /* ITableController.swift */,
			);
			name = Table;
			sourceTree = "<group>";
		};
		C020061B1FA903D30050F864 /* Preferences */ = {
			isa = PBXGroup;
			children = (
				C0A26FB41FAF6F7B0060DC23 /* Legacy */,
				C0A26FB51FAF70ED0060DC23 /* PrefsOverlord.swift */,
				C054B7CA1FAF6D9E0041BA03 /* PreferenceHandler.swift */,
			);
			name = Preferences;
			sourceTree = "<group>";
		};
		C02A2B0A1FAD473B00D3A9CD /* GetSchedule */ = {
			isa = PBXGroup;
			children = (
				C03636731FACFC85008FC9A9 /* GetScheduleResponse.swift */,
				C036366C1FACF864008FC9A9 /* GetScheduleWebCall.swift */,
				C05B54831FC5F7A400A47490 /* GetScheduleConverter.swift */,
			);
			name = GetSchedule;
			sourceTree = "<group>";
		};
		C02A2B0B1FAD475100D3A9CD /* GetPatch */ = {
			isa = PBXGroup;
			children = (
				C02A2B0F1FAD487800D3A9CD /* GetPatchResponse.swift */,
				C02A2B0C1FAD47E400D3A9CD /* GetPatchWebCall.swift */,
				C05B54811FC5F6A000A47490 /* GetPatchConverter.swift */,
			);
			name = GetPatch;
			sourceTree = "<group>";
		};
		C02A2B151FAD52CE00D3A9CD /* Elements */ = {
			isa = PBXGroup;
			children = (
				C02A2B131FAD527600D3A9CD /* ScheduleBlock.swift */,
				C02A2B161FAD539E00D3A9CD /* DaySchedule.swift */,
			);
			name = Elements;
			sourceTree = "<group>";
		};
		C02B91C81FB68754004E0D5D /* Prefs */ = {
			isa = PBXGroup;
			children = (
				C0B04F451FD177EC00F5D116 /* MeetingPrefModule.swift */,
			);
			name = Prefs;
			sourceTree = "<group>";
		};
		C02B91C91FB68860004E0D5D /* Elements */ = {
			isa = PBXGroup;
			children = (
				C002329F1FA37DFF0019D328 /* Meeting */,
				C00232A61FA37EFC0019D328 /* MeetingSchedule.swift */,
				C02B91CA1FB6886E004E0D5D /* DayMeetingList.swift */,
				C05B7A101FCE0C71007C735C /* BlockMeetingList.swift */,
				C0B4A4D61FD0AC88002CBB1B /* MeetingList.swift */,
			);
			name = Elements;
			sourceTree = "<group>";
		};
		C03636691FACF78F008FC9A9 /* WebCall */ = {
			isa = PBXGroup;
			children = (
				C02A2B0B1FAD475100D3A9CD /* GetPatch */,
				C02A2B0A1FAD473B00D3A9CD /* GetSchedule */,
			);
			name = WebCall;
			sourceTree = "<group>";
		};
		C04937B91FB408980036C890 /* Module */ = {
			isa = PBXGroup;
			children = (
				C02B91C61FB67D3B004E0D5D /* IModule.swift */,
				C04937B71FB405880036C890 /* Module.swift */,
				C04937BA1FB40EB10036C890 /* CollectionModule.swift */,
			);
			name = Module;
			sourceTree = "<group>";
		};
		C04DE4661FAE6C41000D4DA6 /* Elements */ = {
			isa = PBXGroup;
			children = (
				C04DE4641FAE6AF9000D4DA6 /* DailySportsList.swift */,
				C05F5E7F1FAE4ACA00724F42 /* SportMeeting.swift */,
			);
			name = Elements;
			sourceTree = "<group>";
		};
		C04DE4671FAE6D19000D4DA6 /* WebCall */ = {
			isa = PBXGroup;
			children = (
				C04DE4681FAE6DB5000D4DA6 /* GetMeeting */,
			);
			name = WebCall;
			sourceTree = "<group>";
		};
		C04DE4681FAE6DB5000D4DA6 /* GetMeeting */ = {
			isa = PBXGroup;
			children = (
				C04DE46C1FAE6E74000D4DA6 /* GetSportsMeetingResponse.swift */,
				C04DE4691FAE6E09000D4DA6 /* GetSportsMeetingWebCall.swift */,
			);
			name = GetMeeting;
			sourceTree = "<group>";
		};
		C05B54881FC6175700A47490 /* Resource */ = {
			isa = PBXGroup;
			children = (
				C0B590B21FC34F3100CDF964 /* ResourceFetch.swift */,
				C05B54891FC632EF00A47490 /* FetchContainer.swift */,
				C09451861FE1C299001E0080 /* LocalResource.swift */,
			);
			name = Resource;
			sourceTree = "<group>";
		};
		C05F5E831FAE53C700724F42 /* Declarations */ = {
			isa = PBXGroup;
			children = (
				C0C1765A1FAA60C10059E956 /* SportType.swift */,
				C05F5E841FAE542D00724F42 /* SportSeason.swift */,
				C05F5E861FAE54AA00724F42 /* SportTier.swift */,
				C05F5E881FAE561400724F42 /* SportGender.swift */,
			);
			name = Declarations;
			sourceTree = "<group>";
		};
		C05F5E8C1FAE56CF00724F42 /* Team */ = {
			isa = PBXGroup;
			children = (
				C05F5E811FAE51AB00724F42 /* SportTeam.swift */,
				C05F5E8A1FAE56CC00724F42 /* TeamDeclarations.swift */,
			);
			name = Team;
			sourceTree = "<group>";
		};
		C079C22E1FACA96F009067DE /* Storyboard */ = {
			isa = PBXGroup;
			children = (
				C01A25761FB7E7D900026BEF /* Table */,
			);
			name = Storyboard;
			sourceTree = "<group>";
		};
		C079C22F1FACA97D009067DE /* Controllers */ = {
			isa = PBXGroup;
			children = (
				C0FD3D4D1FDA0DAE003E064F /* SportsList */,
				C079C2321FACAB82009067DE /* BlocksList */,
			);
			name = Controllers;
			sourceTree = "<group>";
		};
		C079C2321FACAB82009067DE /* BlocksList */ = {
			isa = PBXGroup;
			children = (
				C079C2301FACA9CB009067DE /* BlockTableViewController.swift */,
				C079C2331FACABB7009067DE /* BlockTableClassViewCell.swift */,
				C0B163A31FCDF1CB0011BCF4 /* BlockTableBlockViewCell.swift */,
				C0AC4DC21FD21F680094449C /* BlockViewController.swift */,
			);
			name = BlocksList;
			sourceTree = "<group>";
		};
		C081C2E61FE4509F008073F3 /* Lunch */ = {
			isa = PBXGroup;
			children = (
				C081C2EB1FE45111008073F3 /* WebCall */,
				C081C2E71FE450F0008073F3 /* LunchManager.swift */,
				C081C2E91FE45108008073F3 /* LunchMenu.swift */,
			);
			name = Lunch;
			sourceTree = "<group>";
		};
		C081C2EB1FE45111008073F3 /* WebCall */ = {
			isa = PBXGroup;
			children = (
				C081C2EC1FE45120008073F3 /* GetMenuWebCall.swift */,
				C081C2EE1FE4512C008073F3 /* GetMenuResponse.swift */,
				C081C2F01FE45137008073F3 /* GetMenuConverter.swift */,
			);
			name = WebCall;
			sourceTree = "<group>";
		};
		C0A26FB41FAF6F7B0060DC23 /* Legacy */ = {
			isa = PBXGroup;
			children = (
				C0A5D3BB1F69E07500DBDCAD /* UserPrefsManager.swift */,
				C020061F1FA904B10050F864 /* BlockMeta.swift */,
			);
			name = Legacy;
			sourceTree = "<group>";
		};
		C0A26FBA1FAF74690060DC23 /* Prefs */ = {
			isa = PBXGroup;
			children = (
				C0A26FBB1FAF76620060DC23 /* SportsPrefModule.swift */,
			);
			name = Prefs;
			sourceTree = "<group>";
		};
		C0C176501FAA31010059E956 /* Sports */ = {
			isa = PBXGroup;
			children = (
				C0A26FBA1FAF74690060DC23 /* Prefs */,
				C04DE4671FAE6D19000D4DA6 /* WebCall */,
				C04DE4661FAE6C41000D4DA6 /* Elements */,
				C05F5E8C1FAE56CF00724F42 /* Team */,
				C05F5E831FAE53C700724F42 /* Declarations */,
				C0C176511FAA39E50059E956 /* SportsManager.swift */,
				C054B7C61FAF65080041BA03 /* SportsMeetingWrapper.swift */,
			);
			name = Sports;
			sourceTree = "<group>";
		};
		C0C176531FAA5BF20059E956 /* Web */ = {
			isa = PBXGroup;
			children = (
				C05B547F1FC5D9D300A47490 /* WebCallResult.swift */,
				C0C176541FAA5CB90059E956 /* WebCall.swift */,
				C03636671FACF4C0008FC9A9 /* WebCallHandler.swift */,
				C05B547D1FC5D7B900A47490 /* WebCallResultConverter.swift */,
			);
			name = Web;
			sourceTree = "<group>";
		};
		C0C1765C1FAA60E80059E956 /* Time */ = {
			isa = PBXGroup;
			children = (
				C0C1765D1FAA61000059E956 /* TimeDuration.swift */,
				C0C1765F1FAA61AE0059E956 /* EnscribedTime.swift */,
				C0C776831FACDDB6003EE125 /* EnscribedDate.swift */,
			);
			name = Time;
			sourceTree = "<group>";
		};
		C0C776801FACB090003EE125 /* Schedule */ = {
			isa = PBXGroup;
			children = (
				C02A2B151FAD52CE00D3A9CD /* Elements */,
				C03636691FACF78F008FC9A9 /* WebCall */,
				C036366A1FACF7EA008FC9A9 /* ScheduleManager.swift */,
				C093434A1FAA1B7A00629A84 /* BlockID.swift */,
				C093434C1FAA1B9E00629A84 /* DayID.swift */,
			);
			name = Schedule;
			sourceTree = "<group>";
		};
		C0C7768A1FACE17B003EE125 /* Utils */ = {
			isa = PBXGroup;
			children = (
				C01867221FC7A81F002027B8 /* Extensions */,
				C0A5D3BF1F6A07D500DBDCAD /* Utils.swift */,
				C0C776851FACDE89003EE125 /* TimeUtils.swift */,
			);
			name = Utils;
			sourceTree = "<group>";
		};
		C0CB9C0D1FE4610C00437C5D /* Components */ = {
			isa = PBXGroup;
			children = (
				C0CB9C0E1FE4619A00437C5D /* Events */,
				C002329C1FA37D700019D328 /* Meetings */,
				C0C776801FACB090003EE125 /* Schedule */,
				C081C2E61FE4509F008073F3 /* Lunch */,
				C0C176501FAA31010059E956 /* Sports */,
			);
			name = Components;
			sourceTree = "<group>";
		};
		C0CB9C0E1FE4619A00437C5D /* Events */ = {
			isa = PBXGroup;
			children = (
				C0CB9C1E1FE4695800437C5D /* Elements */,
				C0CB9C161FE467FE00437C5D /* WebCall */,
				C0CB9C0F1FE4634000437C5D /* EventManager.swift */,
			);
			name = Events;
			sourceTree = "<group>";
		};
		C0CB9C161FE467FE00437C5D /* WebCall */ = {
			isa = PBXGroup;
			children = (
				C0CB9C181FE468F500437C5D /* GetEventsWebCall.swift */,
				C0CB9C1A1FE468FF00437C5D /* GetEventsResponse.swift */,
				C0CB9C1C1FE4690800437C5D /* GetEventsConverter.swift */,
			);
			name = WebCall;
			sourceTree = "<group>";
		};
		C0CB9C1E1FE4695800437C5D /* Elements */ = {
			isa = PBXGroup;
			children = (
				C0CB9C121FE464D900437C5D /* Event.swift */,
				C0CB9C141FE4668B00437C5D /* EventAudience.swift */,
				C0CB9C1F1FE4698000437C5D /* EventList.swift */,
			);
			name = Elements;
			sourceTree = "<group>";
		};
		C0FD3D4D1FDA0DAE003E064F /* SportsList */ = {
			isa = PBXGroup;
			children = (
				C0FD3D4E1FDA0DC4003E064F /* SportsViewController.swift */,
			);
			name = SportsList;
			sourceTree = "<group>";
		};
/* End PBXGroup section */

/* Begin PBXNativeTarget section */
		5BD285D61B03CF29007A0472 /* Glancer */ = {
			isa = PBXNativeTarget;
			buildConfigurationList = 5BD285F61B03CF29007A0472 /* Build configuration list for PBXNativeTarget "Glancer" */;
			buildPhases = (
				8826781C28E8B0A52ED38239 /* [CP] Check Pods Manifest.lock */,
				5BD285D31B03CF29007A0472 /* Sources */,
				5BD285D41B03CF29007A0472 /* Frameworks */,
				5BD285D51B03CF29007A0472 /* Resources */,
				5BC261901B0EA7D700AEBAC1 /* Embed App Extensions */,
				59335FE54B8CFBF2EE93DE12 /* [CP] Embed Pods Frameworks */,
				A473441372BA428113112FC7 /* [CP] Copy Pods Resources */,
			);
			buildRules = (
			);
			dependencies = (
			);
			name = Glancer;
			productName = Glancer;
			productReference = 5BD285D71B03CF29007A0472 /* Glancer.app */;
			productType = "com.apple.product-type.application";
		};
/* End PBXNativeTarget section */

/* Begin PBXProject section */
		5BD285CF1B03CF29007A0472 /* Project object */ = {
			isa = PBXProject;
			attributes = {
				LastSwiftMigration = 0700;
				LastSwiftUpdateCheck = 0700;
				LastUpgradeCheck = 0900;
				ORGANIZATIONNAME = "Dylan Hanson";
				TargetAttributes = {
					5BD285D61B03CF29007A0472 = {
						CreatedOnToolsVersion = 6.3.1;
						DevelopmentTeam = P57BN8GJ33;
						LastSwiftMigration = 0900;
						ProvisioningStyle = Automatic;
						SystemCapabilities = {
							com.apple.ApplicationGroups.iOS = {
								enabled = 1;
							};
							com.apple.BackgroundModes = {
								enabled = 1;
							};
							com.apple.InAppPurchase = {
								enabled = 0;
							};
							com.apple.Push = {
								enabled = 1;
							};
						};
					};
				};
			};
			buildConfigurationList = 5BD285D21B03CF29007A0472 /* Build configuration list for PBXProject "Glancer" */;
			compatibilityVersion = "Xcode 3.2";
			developmentRegion = English;
			hasScannedForEncodings = 0;
			knownRegions = (
				en,
				Base,
			);
			mainGroup = 5BD285CE1B03CF29007A0472;
			productRefGroup = 5BD285D81B03CF29007A0472 /* Products */;
			projectDirPath = "";
			projectRoot = "";
			targets = (
				5BD285D61B03CF29007A0472 /* Glancer */,
			);
		};
/* End PBXProject section */

/* Begin PBXResourcesBuildPhase section */
		5BD285D51B03CF29007A0472 /* Resources */ = {
			isa = PBXResourcesBuildPhase;
			buildActionMask = 2147483647;
			files = (
				5BD072481C74AEB40074B56D /* Main.storyboard in Resources */,
				5BD285E41B03CF29007A0472 /* Images.xcassets in Resources */,
				C019C1611F7D3CED00FC4EED /* Launch.storyboard in Resources */,
			);
			runOnlyForDeploymentPostprocessing = 0;
		};
/* End PBXResourcesBuildPhase section */

/* Begin PBXShellScriptBuildPhase section */
		59335FE54B8CFBF2EE93DE12 /* [CP] Embed Pods Frameworks */ = {
			isa = PBXShellScriptBuildPhase;
			buildActionMask = 2147483647;
			files = (
			);
			inputPaths = (
			);
			name = "[CP] Embed Pods Frameworks";
			outputPaths = (
			);
			runOnlyForDeploymentPostprocessing = 0;
			shellPath = /bin/sh;
			shellScript = "\"${SRCROOT}/Pods/Target Support Files/Pods-Glancer/Pods-Glancer-frameworks.sh\"\n";
			showEnvVarsInLog = 0;
		};
		8826781C28E8B0A52ED38239 /* [CP] Check Pods Manifest.lock */ = {
			isa = PBXShellScriptBuildPhase;
			buildActionMask = 2147483647;
			files = (
			);
			inputPaths = (
			);
			name = "[CP] Check Pods Manifest.lock";
			outputPaths = (
			);
			runOnlyForDeploymentPostprocessing = 0;
			shellPath = /bin/sh;
			shellScript = "diff \"${PODS_ROOT}/../Podfile.lock\" \"${PODS_ROOT}/Manifest.lock\" > /dev/null\nif [ $? != 0 ] ; then\n    # print error to STDERR\n    echo \"error: The sandbox is not in sync with the Podfile.lock. Run 'pod install' or update your CocoaPods installation.\" >&2\n    exit 1\nfi\n";
			showEnvVarsInLog = 0;
		};
		A473441372BA428113112FC7 /* [CP] Copy Pods Resources */ = {
			isa = PBXShellScriptBuildPhase;
			buildActionMask = 2147483647;
			files = (
			);
			inputPaths = (
			);
			name = "[CP] Copy Pods Resources";
			outputPaths = (
			);
			runOnlyForDeploymentPostprocessing = 0;
			shellPath = /bin/sh;
			shellScript = "\"${SRCROOT}/Pods/Target Support Files/Pods-Glancer/Pods-Glancer-resources.sh\"\n";
			showEnvVarsInLog = 0;
		};
/* End PBXShellScriptBuildPhase section */

/* Begin PBXSourcesBuildPhase section */
		5BD285D31B03CF29007A0472 /* Sources */ = {
			isa = PBXSourcesBuildPhase;
			buildActionMask = 2147483647;
			files = (
				C02B91CB1FB6886E004E0D5D /* DayMeetingList.swift in Sources */,
				C04937BB1FB40EB10036C890 /* CollectionModule.swift in Sources */,
				C0C1765B1FAA60C10059E956 /* SportType.swift in Sources */,
				C0B163A41FCDF1CB0011BCF4 /* BlockTableBlockViewCell.swift in Sources */,
				C05F5E871FAE54AA00724F42 /* SportTier.swift in Sources */,
				C00232A71FA37EFC0019D328 /* MeetingSchedule.swift in Sources */,
				C05F5E821FAE51AB00724F42 /* SportTeam.swift in Sources */,
				C0CB9C201FE4698000437C5D /* EventList.swift in Sources */,
				C00232941FA3489A0019D328 /* AnEventManager.swift in Sources */,
				C01867241FC7A82F002027B8 /* EXT_UIView.swift in Sources */,
				C0C176551FAA5CB90059E956 /* WebCall.swift in Sources */,
				C05B54801FC5D9D300A47490 /* WebCallResult.swift in Sources */,
				C02A2B171FAD539E00D3A9CD /* DaySchedule.swift in Sources */,
				C0C176591FAA5F450059E956 /* Device.swift in Sources */,
				C02A2B101FAD487800D3A9CD /* GetPatchResponse.swift in Sources */,
				5BD285DD1B03CF29007A0472 /* AppDelegate.swift in Sources */,
				C0C176521FAA39E50059E956 /* SportsManager.swift in Sources */,
				C0FD3D4F1FDA0DC4003E064F /* SportsViewController.swift in Sources */,
				C06220E51F74A8930032A2EC /* Debug.swift in Sources */,
				C081C2E81FE450F0008073F3 /* LunchManager.swift in Sources */,
				C04DE46D1FAE6E74000D4DA6 /* GetSportsMeetingResponse.swift in Sources */,
				C036366B1FACF7EA008FC9A9 /* ScheduleManager.swift in Sources */,
				C05B7A111FCE0C71007C735C /* BlockMeetingList.swift in Sources */,
				C05B54821FC5F6A000A47490 /* GetPatchConverter.swift in Sources */,
				C00232991FA34B610019D328 /* Manager.swift in Sources */,
				C05F5E891FAE561400724F42 /* SportGender.swift in Sources */,
				C0A908C61F76C8BF008AAB3F /* WeekViewManager.swift in Sources */,
				C0AC4DC31FD21F680094449C /* BlockViewController.swift in Sources */,
				C05B548A1FC632EF00A47490 /* FetchContainer.swift in Sources */,
				C00232A11FA37E100019D328 /* ClassMeeting.swift in Sources */,
				C0707FBE1F69720800C7D2ED /* Schedule.swift in Sources */,
				C02B91C71FB67D3B004E0D5D /* IModule.swift in Sources */,
				C0CB9C151FE4668B00437C5D /* EventAudience.swift in Sources */,
				C02A2B141FAD527600D3A9CD /* ScheduleBlock.swift in Sources */,
				C0B04F461FD177EC00F5D116 /* MeetingPrefModule.swift in Sources */,
				C0B4A4D71FD0AC88002CBB1B /* MeetingList.swift in Sources */,
				C0B590B31FC34F3100CDF964 /* ResourceFetch.swift in Sources */,
				C054B7CB1FAF6D9E0041BA03 /* PreferenceHandler.swift in Sources */,
				C054B7C71FAF65080041BA03 /* SportsMeetingWrapper.swift in Sources */,
				C0A5D3C01F6A07D500DBDCAD /* Utils.swift in Sources */,
				C05F5E801FAE4ACA00724F42 /* SportMeeting.swift in Sources */,
				C0CB9C1B1FE468FF00437C5D /* GetEventsResponse.swift in Sources */,
				C00232A51FA37E760019D328 /* Meeting.swift in Sources */,
				C002329B1FA34BF70019D328 /* AnEvent.swift in Sources */,
				C0C776841FACDDB6003EE125 /* EnscribedDate.swift in Sources */,
				C0CB9C131FE464D900437C5D /* Event.swift in Sources */,
				C0A26FBC1FAF76620060DC23 /* SportsPrefModule.swift in Sources */,
				C093434D1FAA1B9E00629A84 /* DayID.swift in Sources */,
				740756CC1C33720A0039844B /* Label.swift in Sources */,
				C04DE46A1FAE6E09000D4DA6 /* GetSportsMeetingWebCall.swift in Sources */,
				C03636681FACF4C0008FC9A9 /* WebCallHandler.swift in Sources */,
				C081C2EA1FE45108008073F3 /* LunchMenu.swift in Sources */,
				C09451871FE1C299001E0080 /* LocalResource.swift in Sources */,
				C05B54841FC5F7A400A47490 /* GetScheduleConverter.swift in Sources */,
				C09343471FAA1B3C00629A84 /* Block.swift in Sources */,
				C07463321FAFA93100D183E7 /* TableContainer.swift in Sources */,
				C069CF771F6B697E001FE527 /* NotificationsManager.swift in Sources */,
				C079C2341FACABB7009067DE /* BlockTableClassViewCell.swift in Sources */,
				C01FED851FCD1AEE0095F8A1 /* ITableController.swift in Sources */,
				C0C176601FAA61AE0059E956 /* EnscribedTime.swift in Sources */,
				C04937B81FB405880036C890 /* Module.swift in Sources */,
				C0CB9C1D1FE4690800437C5D /* GetEventsConverter.swift in Sources */,
				C093434B1FAA1B7A00629A84 /* BlockID.swift in Sources */,
				C0A5D3BC1F69E07500DBDCAD /* UserPrefsManager.swift in Sources */,
				C036366D1FACF864008FC9A9 /* GetScheduleWebCall.swift in Sources */,
				C02A2B0D1FAD47E400D3A9CD /* GetPatchWebCall.swift in Sources */,
				C0C776861FACDE89003EE125 /* TimeUtils.swift in Sources */,
				C081C2EF1FE4512C008073F3 /* GetMenuResponse.swift in Sources */,
				C0A26FB61FAF70ED0060DC23 /* PrefsOverlord.swift in Sources */,
				C02006201FA904B10050F864 /* BlockMeta.swift in Sources */,
				C07463301FAFA91200D183E7 /* TableCell.swift in Sources */,
				C002329E1FA37D8D0019D328 /* AnEventHandler.swift in Sources */,
				C05F5E851FAE542D00724F42 /* SportSeason.swift in Sources */,
				C0CB9C191FE468F500437C5D /* GetEventsWebCall.swift in Sources */,
				C0D1053E1FDA398B0030A0DC /* MeetingManager.swift in Sources */,
				C081C2ED1FE45120008073F3 /* GetMenuWebCall.swift in Sources */,
				C03D148B1F79479C00211D28 /* HomeViewManager.swift in Sources */,
				C0CB9C101FE4634000437C5D /* EventManager.swift in Sources */,
				C09343491FAA1B5E00629A84 /* TimeContainer.swift in Sources */,
				C03636741FACFC85008FC9A9 /* GetScheduleResponse.swift in Sources */,
				C074632E1FAFA8EB00D183E7 /* TableSection.swift in Sources */,
				C05B547E1FC5D7B900A47490 /* WebCallResultConverter.swift in Sources */,
				C0C1765E1FAA61000059E956 /* TimeDuration.swift in Sources */,
				C079C2311FACA9CB009067DE /* BlockTableViewController.swift in Sources */,
				C05F5E8B1FAE56CC00724F42 /* TeamDeclarations.swift in Sources */,
				C04DE4651FAE6AF9000D4DA6 /* DailySportsList.swift in Sources */,
				C081C2F11FE45137008073F3 /* GetMenuConverter.swift in Sources */,
				C0707FC01F69753100C7D2ED /* Storage.swift in Sources */,
			);
			runOnlyForDeploymentPostprocessing = 0;
		};
/* End PBXSourcesBuildPhase section */

/* Begin XCBuildConfiguration section */
		5BD285F41B03CF29007A0472 /* Debug */ = {
			isa = XCBuildConfiguration;
			buildSettings = {
				ALWAYS_SEARCH_USER_PATHS = NO;
				CLANG_CXX_LANGUAGE_STANDARD = "gnu++0x";
				CLANG_CXX_LIBRARY = "libc++";
				CLANG_ENABLE_MODULES = YES;
				CLANG_ENABLE_OBJC_ARC = YES;
				CLANG_WARN_BLOCK_CAPTURE_AUTORELEASING = YES;
				CLANG_WARN_BOOL_CONVERSION = YES;
				CLANG_WARN_COMMA = YES;
				CLANG_WARN_CONSTANT_CONVERSION = YES;
				CLANG_WARN_DIRECT_OBJC_ISA_USAGE = YES_ERROR;
				CLANG_WARN_EMPTY_BODY = YES;
				CLANG_WARN_ENUM_CONVERSION = YES;
				CLANG_WARN_INFINITE_RECURSION = YES;
				CLANG_WARN_INT_CONVERSION = YES;
				CLANG_WARN_NON_LITERAL_NULL_CONVERSION = YES;
				CLANG_WARN_OBJC_LITERAL_CONVERSION = YES;
				CLANG_WARN_OBJC_ROOT_CLASS = YES_ERROR;
				CLANG_WARN_RANGE_LOOP_ANALYSIS = YES;
				CLANG_WARN_STRICT_PROTOTYPES = YES;
				CLANG_WARN_SUSPICIOUS_MOVE = YES;
				CLANG_WARN_UNREACHABLE_CODE = YES;
				CLANG_WARN__DUPLICATE_METHOD_MATCH = YES;
				CODE_SIGN_IDENTITY = "iPhone Distribution: Demetri Orlando (P57BN8GJ33)";
				"CODE_SIGN_IDENTITY[sdk=iphoneos*]" = "iPhone Distribution: Demetri Orlando (P57BN8GJ33)";
				COPY_PHASE_STRIP = NO;
				DEBUG_INFORMATION_FORMAT = "dwarf-with-dsym";
				ENABLE_STRICT_OBJC_MSGSEND = YES;
				ENABLE_TESTABILITY = YES;
				GCC_C_LANGUAGE_STANDARD = gnu99;
				GCC_DYNAMIC_NO_PIC = NO;
				GCC_NO_COMMON_BLOCKS = YES;
				GCC_OPTIMIZATION_LEVEL = 0;
				GCC_PREPROCESSOR_DEFINITIONS = (
					"DEBUG=1",
					"$(inherited)",
				);
				GCC_SYMBOLS_PRIVATE_EXTERN = NO;
				GCC_WARN_64_TO_32_BIT_CONVERSION = YES;
				GCC_WARN_ABOUT_RETURN_TYPE = YES_ERROR;
				GCC_WARN_UNDECLARED_SELECTOR = YES;
				GCC_WARN_UNINITIALIZED_AUTOS = YES_AGGRESSIVE;
				GCC_WARN_UNUSED_FUNCTION = YES;
				GCC_WARN_UNUSED_VARIABLE = YES;
				IPHONEOS_DEPLOYMENT_TARGET = 8.0;
				MTL_ENABLE_DEBUG_INFO = YES;
				ONLY_ACTIVE_ARCH = YES;
				PROVISIONING_PROFILE = "";
				SDKROOT = iphoneos;
				SWIFT_OPTIMIZATION_LEVEL = "-Onone";
				TARGETED_DEVICE_FAMILY = 1;
			};
			name = Debug;
		};
		5BD285F51B03CF29007A0472 /* Release */ = {
			isa = XCBuildConfiguration;
			buildSettings = {
				ALWAYS_SEARCH_USER_PATHS = NO;
				CLANG_CXX_LANGUAGE_STANDARD = "gnu++0x";
				CLANG_CXX_LIBRARY = "libc++";
				CLANG_ENABLE_MODULES = YES;
				CLANG_ENABLE_OBJC_ARC = YES;
				CLANG_WARN_BLOCK_CAPTURE_AUTORELEASING = YES;
				CLANG_WARN_BOOL_CONVERSION = YES;
				CLANG_WARN_COMMA = YES;
				CLANG_WARN_CONSTANT_CONVERSION = YES;
				CLANG_WARN_DIRECT_OBJC_ISA_USAGE = YES_ERROR;
				CLANG_WARN_EMPTY_BODY = YES;
				CLANG_WARN_ENUM_CONVERSION = YES;
				CLANG_WARN_INFINITE_RECURSION = YES;
				CLANG_WARN_INT_CONVERSION = YES;
				CLANG_WARN_NON_LITERAL_NULL_CONVERSION = YES;
				CLANG_WARN_OBJC_LITERAL_CONVERSION = YES;
				CLANG_WARN_OBJC_ROOT_CLASS = YES_ERROR;
				CLANG_WARN_RANGE_LOOP_ANALYSIS = YES;
				CLANG_WARN_STRICT_PROTOTYPES = YES;
				CLANG_WARN_SUSPICIOUS_MOVE = YES;
				CLANG_WARN_UNREACHABLE_CODE = YES;
				CLANG_WARN__DUPLICATE_METHOD_MATCH = YES;
				CODE_SIGN_IDENTITY = "iPhone Distribution: Demetri Orlando (P57BN8GJ33)";
				"CODE_SIGN_IDENTITY[sdk=iphoneos*]" = "iPhone Distribution: Demetri Orlando (P57BN8GJ33)";
				COPY_PHASE_STRIP = NO;
				DEBUG_INFORMATION_FORMAT = "dwarf-with-dsym";
				ENABLE_NS_ASSERTIONS = NO;
				ENABLE_STRICT_OBJC_MSGSEND = YES;
				GCC_C_LANGUAGE_STANDARD = gnu99;
				GCC_NO_COMMON_BLOCKS = YES;
				GCC_WARN_64_TO_32_BIT_CONVERSION = YES;
				GCC_WARN_ABOUT_RETURN_TYPE = YES_ERROR;
				GCC_WARN_UNDECLARED_SELECTOR = YES;
				GCC_WARN_UNINITIALIZED_AUTOS = YES_AGGRESSIVE;
				GCC_WARN_UNUSED_FUNCTION = YES;
				GCC_WARN_UNUSED_VARIABLE = YES;
				IPHONEOS_DEPLOYMENT_TARGET = 8.0;
				MTL_ENABLE_DEBUG_INFO = NO;
				PROVISIONING_PROFILE = "";
				SDKROOT = iphoneos;
				SWIFT_OPTIMIZATION_LEVEL = "-Owholemodule";
				TARGETED_DEVICE_FAMILY = 1;
				VALIDATE_PRODUCT = YES;
			};
			name = Release;
		};
		5BD285F71B03CF29007A0472 /* Debug */ = {
			isa = XCBuildConfiguration;
			baseConfigurationReference = B61D64CD0A9F7D2A64793BDC /* Pods-Glancer.debug.xcconfig */;
			buildSettings = {
				ALWAYS_EMBED_SWIFT_STANDARD_LIBRARIES = YES;
				ASSETCATALOG_COMPILER_APPICON_NAME = AppIcon;
				ASSETCATALOG_COMPILER_LAUNCHIMAGE_NAME = "Brand Assets";
				CLANG_ENABLE_MODULES = YES;
				CODE_SIGN_ENTITLEMENTS = Glancer/Glancer.entitlements;
				CODE_SIGN_IDENTITY = "iPhone Developer";
				"CODE_SIGN_IDENTITY[sdk=iphoneos*]" = "iPhone Developer";
				DEVELOPMENT_TEAM = P57BN8GJ33;
				EMBED_ASSET_PACKS_IN_PRODUCT_BUNDLE = NO;
				FRAMEWORK_SEARCH_PATHS = (
					"$(inherited)",
					"$(DEVELOPER_FRAMEWORKS_DIR)",
				);
				INFOPLIST_FILE = Glancer/Info.plist;
				IPHONEOS_DEPLOYMENT_TARGET = 11.0;
				LD_RUNPATH_SEARCH_PATHS = "$(inherited) @executable_path/Frameworks";
				LIBRARY_SEARCH_PATHS = (
					"$(inherited)",
					"$(SDKROOT)/usr/lib/system",
					"$(SDKROOT)/usr/lib/system/introspection",
				);
				PRODUCT_BUNDLE_IDENTIFIER = MAD.BBN.KnightLife;
				PRODUCT_NAME = "$(TARGET_NAME)";
				PROVISIONING_PROFILE = "";
				PROVISIONING_PROFILE_SPECIFIER = "";
				SWIFT_OPTIMIZATION_LEVEL = "-Onone";
				SWIFT_SWIFT3_OBJC_INFERENCE = On;
				SWIFT_VERSION = 4.0;
			};
			name = Debug;
		};
		5BD285F81B03CF29007A0472 /* Release */ = {
			isa = XCBuildConfiguration;
			baseConfigurationReference = 3272FF23988E47B40EA9BE81 /* Pods-Glancer.release.xcconfig */;
			buildSettings = {
				ALWAYS_EMBED_SWIFT_STANDARD_LIBRARIES = YES;
				ASSETCATALOG_COMPILER_APPICON_NAME = AppIcon;
				ASSETCATALOG_COMPILER_LAUNCHIMAGE_NAME = "Brand Assets";
				CLANG_ENABLE_MODULES = YES;
				CODE_SIGN_ENTITLEMENTS = Glancer/Glancer.entitlements;
				CODE_SIGN_IDENTITY = "iPhone Developer";
				"CODE_SIGN_IDENTITY[sdk=iphoneos*]" = "iPhone Developer";
				DEVELOPMENT_TEAM = P57BN8GJ33;
				EMBED_ASSET_PACKS_IN_PRODUCT_BUNDLE = NO;
				FRAMEWORK_SEARCH_PATHS = (
					"$(inherited)",
					"$(DEVELOPER_FRAMEWORKS_DIR)",
				);
				INFOPLIST_FILE = Glancer/Info.plist;
				IPHONEOS_DEPLOYMENT_TARGET = 11.0;
				LD_RUNPATH_SEARCH_PATHS = "$(inherited) @executable_path/Frameworks";
				LIBRARY_SEARCH_PATHS = (
					"$(inherited)",
					"$(SDKROOT)/usr/lib/system",
					"$(SDKROOT)/usr/lib/system/introspection",
				);
				PRODUCT_BUNDLE_IDENTIFIER = MAD.BBN.KnightLife;
				PRODUCT_NAME = "$(TARGET_NAME)";
				SWIFT_SWIFT3_OBJC_INFERENCE = On;
				SWIFT_VERSION = 4.0;
			};
			name = Release;
		};
/* End XCBuildConfiguration section */

/* Begin XCConfigurationList section */
		5BD285D21B03CF29007A0472 /* Build configuration list for PBXProject "Glancer" */ = {
			isa = XCConfigurationList;
			buildConfigurations = (
				5BD285F41B03CF29007A0472 /* Debug */,
				5BD285F51B03CF29007A0472 /* Release */,
			);
			defaultConfigurationIsVisible = 0;
			defaultConfigurationName = Release;
		};
		5BD285F61B03CF29007A0472 /* Build configuration list for PBXNativeTarget "Glancer" */ = {
			isa = XCConfigurationList;
			buildConfigurations = (
				5BD285F71B03CF29007A0472 /* Debug */,
				5BD285F81B03CF29007A0472 /* Release */,
			);
			defaultConfigurationIsVisible = 0;
			defaultConfigurationName = Release;
		};
/* End XCConfigurationList section */
	};
	rootObject = 5BD285CF1B03CF29007A0472 /* Project object */;
}
